// !$*UTF8*$!
{
	archiveVersion = 1;
	classes = {
	};
	objectVersion = 54;
	objects = {

/* Begin PBXBuildFile section */
		0C1DB9D600F7754DEB9F11DA /* Pods_RunnerTests.framework in Frameworks */ = {isa = PBXBuildFile; fileRef = 1137AA267848AD7CF058BD73 /* Pods_RunnerTests.framework */; };
		1498D2341E8E89220040F4C2 /* GeneratedPluginRegistrant.m in Sources */ = {isa = PBXBuildFile; fileRef = 1498D2331E8E89220040F4C2 /* GeneratedPluginRegistrant.m */; };
		1A487AAD2F631A4000682DB1 /* phase-hold.mp3 in Resources */ = {isa = PBXBuildFile; fileRef = 1A487AAB2F631A4000682DB1 /* phase-hold.mp3 */; };
		1A487AAE2F631A4000682DB1 /* phase-exhale.mp3 in Resources */ = {isa = PBXBuildFile; fileRef = 1A487AAA2F631A4000682DB1 /* phase-exhale.mp3 */; };
		1A487AAF2F631A4000682DB1 /* phase-inhale.mp3 in Resources */ = {isa = PBXBuildFile; fileRef = 1A487AAC2F631A4000682DB1 /* phase-inhale.mp3 */; };
		1A487AB32F631C6600682DB1 /* Assets 2.xcassets in Resources */ = {isa = PBXBuildFile; fileRef = 1A487AB22F631C6600682DB1 /* Assets 2.xcassets */; };
		1A487AB52F63254000682DB1 /* CustomTimerView.swift in Sources */ = {isa = PBXBuildFile; fileRef = 1A487AB42F63254000682DB1 /* CustomTimerView.swift */; };
		1A81C3722F62E9BF00A8B676 /* BreatheWatch Watch App.app in Embed Watch Content */ = {isa = PBXBuildFile; fileRef = 1A81C3682F62E9BE00A8B676 /* BreatheWatch Watch App.app */; settings = {ATTRIBUTES = (RemoveHeadersOnCopy, ); }; };
		1A81C37E2F62EA4300A8B676 /* SessionView.swift in Sources */ = {isa = PBXBuildFile; fileRef = 1A81C37C2F62EA4300A8B676 /* SessionView.swift */; };
		1A81C37F2F62EA4300A8B676 /* BreatheWatchApp.swift in Sources */ = {isa = PBXBuildFile; fileRef = 1A81C3782F62EA4300A8B676 /* BreatheWatchApp.swift */; };
		1A81C3802F62EA4300A8B676 /* Presets.swift in Sources */ = {isa = PBXBuildFile; fileRef = 1A81C37B2F62EA4300A8B676 /* Presets.swift */; };
		1A81C3812F62EA4300A8B676 /* BreathingEngine.swift in Sources */ = {isa = PBXBuildFile; fileRef = 1A81C3792F62EA4300A8B676 /* BreathingEngine.swift */; };
		1A81C3822F62EA4300A8B676 /* PresetListView.swift in Sources */ = {isa = PBXBuildFile; fileRef = 1A81C37A2F62EA4300A8B676 /* PresetListView.swift */; };
		1A95BD272F6FDEAF008B80DF /* AppShortcuts.strings in Resources */ = {isa = PBXBuildFile; fileRef = 1A95BCFB2F6FDEAF008B80DF /* AppShortcuts.strings */; };
		1A95BD282F6FDEAF008B80DF /* AppShortcuts.strings in Resources */ = {isa = PBXBuildFile; fileRef = 1A95BD232F6FDEAF008B80DF /* AppShortcuts.strings */; };
		1A95BD292F6FDEAF008B80DF /* AppShortcuts.strings in Resources */ = {isa = PBXBuildFile; fileRef = 1A95BD002F6FDEAF008B80DF /* AppShortcuts.strings */; };
		1A95BD2A2F6FDEAF008B80DF /* AppShortcuts.strings in Resources */ = {isa = PBXBuildFile; fileRef = 1A95BCF62F6FDEAF008B80DF /* AppShortcuts.strings */; };
		1A95BD2B2F6FDEAF008B80DF /* AppShortcuts.strings in Resources */ = {isa = PBXBuildFile; fileRef = 1A95BD0F2F6FDEAF008B80DF /* AppShortcuts.strings */; };
		1A95BD2C2F6FDEAF008B80DF /* Localizable.strings in Resources */ = {isa = PBXBuildFile; fileRef = 1A95BD0C2F6FDEAF008B80DF /* Localizable.strings */; };
		1A95BD2D2F6FDEAF008B80DF /* Localizable.strings in Resources */ = {isa = PBXBuildFile; fileRef = 1A95BD072F6FDEAF008B80DF /* Localizable.strings */; };
		1A95BD2E2F6FDEAF008B80DF /* AppShortcuts.strings in Resources */ = {isa = PBXBuildFile; fileRef = 1A95BD052F6FDEAF008B80DF /* AppShortcuts.strings */; };
		1A95BD2F2F6FDEAF008B80DF /* Localizable.strings in Resources */ = {isa = PBXBuildFile; fileRef = 1A95BCF82F6FDEAF008B80DF /* Localizable.strings */; };
		1A95BD302F6FDEAF008B80DF /* AppShortcuts.strings in Resources */ = {isa = PBXBuildFile; fileRef = 1A95BD0A2F6FDEAF008B80DF /* AppShortcuts.strings */; };
		1A95BD312F6FDEAF008B80DF /* Localizable.strings in Resources */ = {isa = PBXBuildFile; fileRef = 1A95BD1B2F6FDEAF008B80DF /* Localizable.strings */; };
		1A95BD322F6FDEAF008B80DF /* Localizable.strings in Resources */ = {isa = PBXBuildFile; fileRef = 1A95BD202F6FDEAF008B80DF /* Localizable.strings */; };
		1A95BD332F6FDEAF008B80DF /* AppShortcuts.strings in Resources */ = {isa = PBXBuildFile; fileRef = 1A95BD142F6FDEAF008B80DF /* AppShortcuts.strings */; };
		1A95BD342F6FDEAF008B80DF /* AppShortcuts.strings in Resources */ = {isa = PBXBuildFile; fileRef = 1A95BD192F6FDEAF008B80DF /* AppShortcuts.strings */; };
		1A95BD352F6FDEAF008B80DF /* Localizable.strings in Resources */ = {isa = PBXBuildFile; fileRef = 1A95BCFD2F6FDEAF008B80DF /* Localizable.strings */; };
		1A95BD362F6FDEAF008B80DF /* Localizable.strings in Resources */ = {isa = PBXBuildFile; fileRef = 1A95BD252F6FDEAF008B80DF /* Localizable.strings */; };
		1A95BD372F6FDEAF008B80DF /* Localizable.strings in Resources */ = {isa = PBXBuildFile; fileRef = 1A95BD112F6FDEAF008B80DF /* Localizable.strings */; };
		1A95BD382F6FDEAF008B80DF /* AppShortcuts.strings in Resources */ = {isa = PBXBuildFile; fileRef = 1A95BD1E2F6FDEAF008B80DF /* AppShortcuts.strings */; };
		1A95BD392F6FDEAF008B80DF /* Localizable.strings in Resources */ = {isa = PBXBuildFile; fileRef = 1A95BD022F6FDEAF008B80DF /* Localizable.strings */; };
		1A95BD3A2F6FDEAF008B80DF /* Localizable.strings in Resources */ = {isa = PBXBuildFile; fileRef = 1A95BD162F6FDEAF008B80DF /* Localizable.strings */; };
		1A95BD6D2F6FDEC0008B80DF /* Localizable.strings in Resources */ = {isa = PBXBuildFile; fileRef = 1A95BD5C2F6FDEC0008B80DF /* Localizable.strings */; };
		1A95BD6E2F6FDEC0008B80DF /* Localizable.strings in Resources */ = {isa = PBXBuildFile; fileRef = 1A95BD3E2F6FDEC0008B80DF /* Localizable.strings */; };
		1A95BD6F2F6FDEC0008B80DF /* Localizable.strings in Resources */ = {isa = PBXBuildFile; fileRef = 1A95BD612F6FDEC0008B80DF /* Localizable.strings */; };
		1A95BD702F6FDEC0008B80DF /* AppShortcuts.strings in Resources */ = {isa = PBXBuildFile; fileRef = 1A95BD692F6FDEC0008B80DF /* AppShortcuts.strings */; };
		1A95BD712F6FDEC0008B80DF /* Localizable.strings in Resources */ = {isa = PBXBuildFile; fileRef = 1A95BD662F6FDEC0008B80DF /* Localizable.strings */; };
		1A95BD722F6FDEC0008B80DF /* AppShortcuts.strings in Resources */ = {isa = PBXBuildFile; fileRef = 1A95BD412F6FDEC0008B80DF /* AppShortcuts.strings */; };
		1A95BD732F6FDEC0008B80DF /* AppShortcuts.strings in Resources */ = {isa = PBXBuildFile; fileRef = 1A95BD5A2F6FDEC0008B80DF /* AppShortcuts.strings */; };
		1A95BD742F6FDEC0008B80DF /* Localizable.strings in Resources */ = {isa = PBXBuildFile; fileRef = 1A95BD6B2F6FDEC0008B80DF /* Localizable.strings */; };
		1A95BD752F6FDEC0008B80DF /* Localizable.strings in Resources */ = {isa = PBXBuildFile; fileRef = 1A95BD432F6FDEC0008B80DF /* Localizable.strings */; };
		1A95BD762F6FDEC0008B80DF /* AppShortcuts.strings in Resources */ = {isa = PBXBuildFile; fileRef = 1A95BD462F6FDEC0008B80DF /* AppShortcuts.strings */; };
		1A95BD772F6FDEC0008B80DF /* AppShortcuts.strings in Resources */ = {isa = PBXBuildFile; fileRef = 1A95BD3C2F6FDEC0008B80DF /* AppShortcuts.strings */; };
		1A95BD782F6FDEC0008B80DF /* AppShortcuts.strings in Resources */ = {isa = PBXBuildFile; fileRef = 1A95BD552F6FDEC0008B80DF /* AppShortcuts.strings */; };
		1A95BD792F6FDEC0008B80DF /* Localizable.strings in Resources */ = {isa = PBXBuildFile; fileRef = 1A95BD482F6FDEC0008B80DF /* Localizable.strings */; };
		1A95BD7A2F6FDEC0008B80DF /* AppShortcuts.strings in Resources */ = {isa = PBXBuildFile; fileRef = 1A95BD502F6FDEC0008B80DF /* AppShortcuts.strings */; };
		1A95BD7B2F6FDEC0008B80DF /* AppShortcuts.strings in Resources */ = {isa = PBXBuildFile; fileRef = 1A95BD5F2F6FDEC0008B80DF /* AppShortcuts.strings */; };
		1A95BD7C2F6FDEC0008B80DF /* AppShortcuts.strings in Resources */ = {isa = PBXBuildFile; fileRef = 1A95BD642F6FDEC0008B80DF /* AppShortcuts.strings */; };
		1A95BD7D2F6FDEC0008B80DF /* Localizable.strings in Resources */ = {isa = PBXBuildFile; fileRef = 1A95BD522F6FDEC0008B80DF /* Localizable.strings */; };
		1A95BD7E2F6FDEC0008B80DF /* Localizable.strings in Resources */ = {isa = PBXBuildFile; fileRef = 1A95BD4D2F6FDEC0008B80DF /* Localizable.strings */; };
		1A95BD7F2F6FDEC0008B80DF /* Localizable.strings in Resources */ = {isa = PBXBuildFile; fileRef = 1A95BD572F6FDEC0008B80DF /* Localizable.strings */; };
		1A95BD802F6FDEC0008B80DF /* AppShortcuts.strings in Resources */ = {isa = PBXBuildFile; fileRef = 1A95BD4B2F6FDEC0008B80DF /* AppShortcuts.strings */; };
		1A9F3B042F700000008B0004 /* HealthService.swift in Sources */ = {isa = PBXBuildFile; fileRef = 1A9F3B032F700000008B0003 /* HealthService.swift */; };
		1AE3138D2F6FD4FC0022B47C /* StartBreathingIntent.swift in Sources */ = {isa = PBXBuildFile; fileRef = 1AE3138C2F6FD4FC0022B47C /* StartBreathingIntent.swift */; };
		1AE3138E2F6FD4FC0022B47C /* AppShortcuts.swift in Sources */ = {isa = PBXBuildFile; fileRef = 1AE3138B2F6FD4FC0022B47C /* AppShortcuts.swift */; };
		1AE313912F6FD5180022B47C /* WatchAppShortcuts.swift in Sources */ = {isa = PBXBuildFile; fileRef = 1AE313902F6FD5180022B47C /* WatchAppShortcuts.swift */; };
		1AE313922F6FD5180022B47C /* StartBreathingWatchIntent.swift in Sources */ = {isa = PBXBuildFile; fileRef = 1AE3138F2F6FD5180022B47C /* StartBreathingWatchIntent.swift */; };
		331C808B294A63AB00263BE5 /* RunnerTests.swift in Sources */ = {isa = PBXBuildFile; fileRef = 331C807B294A618700263BE5 /* RunnerTests.swift */; };
		3B3967161E833CAA004F5970 /* AppFrameworkInfo.plist in Resources */ = {isa = PBXBuildFile; fileRef = 3B3967151E833CAA004F5970 /* AppFrameworkInfo.plist */; };
		74858FAF1ED2DC5600515810 /* AppDelegate.swift in Sources */ = {isa = PBXBuildFile; fileRef = 74858FAE1ED2DC5600515810 /* AppDelegate.swift */; };
		7884E8682EC3CC0700C636F2 /* SceneDelegate.swift in Sources */ = {isa = PBXBuildFile; fileRef = 7884E8672EC3CC0400C636F2 /* SceneDelegate.swift */; };
		97C146FC1CF9000F007C117D /* Main.storyboard in Resources */ = {isa = PBXBuildFile; fileRef = 97C146FA1CF9000F007C117D /* Main.storyboard */; };
		97C146FE1CF9000F007C117D /* Assets.xcassets in Resources */ = {isa = PBXBuildFile; fileRef = 97C146FD1CF9000F007C117D /* Assets.xcassets */; };
		97C147011CF9000F007C117D /* LaunchScreen.storyboard in Resources */ = {isa = PBXBuildFile; fileRef = 97C146FF1CF9000F007C117D /* LaunchScreen.storyboard */; };
		F82CBE7CB0EFBB4AE539B5C2 /* Pods_Runner.framework in Frameworks */ = {isa = PBXBuildFile; fileRef = AEB11AF1D6A6852232915583 /* Pods_Runner.framework */; };
/* End PBXBuildFile section */

/* Begin PBXContainerItemProxy section */
		1A81C3702F62E9BF00A8B676 /* PBXContainerItemProxy */ = {
			isa = PBXContainerItemProxy;
			containerPortal = 97C146E61CF9000F007C117D /* Project object */;
			proxyType = 1;
			remoteGlobalIDString = 1A81C3672F62E9BE00A8B676;
			remoteInfo = "BreatheWatch Watch App";
		};
		331C8085294A63A400263BE5 /* PBXContainerItemProxy */ = {
			isa = PBXContainerItemProxy;
			containerPortal = 97C146E61CF9000F007C117D /* Project object */;
			proxyType = 1;
			remoteGlobalIDString = 97C146ED1CF9000F007C117D;
			remoteInfo = Runner;
		};
/* End PBXContainerItemProxy section */

/* Begin PBXCopyFilesBuildPhase section */
		1A81C3732F62E9BF00A8B676 /* Embed Watch Content */ = {
			isa = PBXCopyFilesBuildPhase;
			buildActionMask = 2147483647;
			dstPath = "$(CONTENTS_FOLDER_PATH)/Watch";
			dstSubfolderSpec = 16;
			files = (
				1A81C3722F62E9BF00A8B676 /* BreatheWatch Watch App.app in Embed Watch Content */,
			);
			name = "Embed Watch Content";
			runOnlyForDeploymentPostprocessing = 0;
		};
		9705A1C41CF9048500538489 /* Embed Frameworks */ = {
			isa = PBXCopyFilesBuildPhase;
			buildActionMask = 2147483647;
			dstPath = "";
			dstSubfolderSpec = 10;
			files = (
			);
			name = "Embed Frameworks";
			runOnlyForDeploymentPostprocessing = 0;
		};
/* End PBXCopyFilesBuildPhase section */

/* Begin PBXFileReference section */
		1137AA267848AD7CF058BD73 /* Pods_RunnerTests.framework */ = {isa = PBXFileReference; explicitFileType = wrapper.framework; includeInIndex = 0; path = Pods_RunnerTests.framework; sourceTree = BUILT_PRODUCTS_DIR; };
		1498D2321E8E86230040F4C2 /* GeneratedPluginRegistrant.h */ = {isa = PBXFileReference; lastKnownFileType = sourcecode.c.h; path = GeneratedPluginRegistrant.h; sourceTree = "<group>"; };
		1498D2331E8E89220040F4C2 /* GeneratedPluginRegistrant.m */ = {isa = PBXFileReference; fileEncoding = 4; lastKnownFileType = sourcecode.c.objc; path = GeneratedPluginRegistrant.m; sourceTree = "<group>"; };
		1A487AAA2F631A4000682DB1 /* phase-exhale.mp3 */ = {isa = PBXFileReference; lastKnownFileType = audio.mp3; path = "phase-exhale.mp3"; sourceTree = "<group>"; };
		1A487AAB2F631A4000682DB1 /* phase-hold.mp3 */ = {isa = PBXFileReference; lastKnownFileType = audio.mp3; path = "phase-hold.mp3"; sourceTree = "<group>"; };
		1A487AAC2F631A4000682DB1 /* phase-inhale.mp3 */ = {isa = PBXFileReference; lastKnownFileType = audio.mp3; path = "phase-inhale.mp3"; sourceTree = "<group>"; };
		1A487AB22F631C6600682DB1 /* Assets 2.xcassets */ = {isa = PBXFileReference; lastKnownFileType = folder.assetcatalog; path = "Assets 2.xcassets"; sourceTree = "<group>"; };
		1A487AB42F63254000682DB1 /* CustomTimerView.swift */ = {isa = PBXFileReference; lastKnownFileType = sourcecode.swift; path = CustomTimerView.swift; sourceTree = "<group>"; };
		1A81C3682F62E9BE00A8B676 /* BreatheWatch Watch App.app */ = {isa = PBXFileReference; explicitFileType = wrapper.application; includeInIndex = 0; path = "BreatheWatch Watch App.app"; sourceTree = BUILT_PRODUCTS_DIR; };
		1A81C3782F62EA4300A8B676 /* BreatheWatchApp.swift */ = {isa = PBXFileReference; lastKnownFileType = sourcecode.swift; path = BreatheWatchApp.swift; sourceTree = "<group>"; };
		1A81C3792F62EA4300A8B676 /* BreathingEngine.swift */ = {isa = PBXFileReference; lastKnownFileType = sourcecode.swift; path = BreathingEngine.swift; sourceTree = "<group>"; };
		1A81C37A2F62EA4300A8B676 /* PresetListView.swift */ = {isa = PBXFileReference; lastKnownFileType = sourcecode.swift; path = PresetListView.swift; sourceTree = "<group>"; };
		1A81C37B2F62EA4300A8B676 /* Presets.swift */ = {isa = PBXFileReference; lastKnownFileType = sourcecode.swift; path = Presets.swift; sourceTree = "<group>"; };
		1A81C37C2F62EA4300A8B676 /* SessionView.swift */ = {isa = PBXFileReference; lastKnownFileType = sourcecode.swift; path = SessionView.swift; sourceTree = "<group>"; };
		1A95BCF52F6FDEAF008B80DF /* de */ = {isa = PBXFileReference; lastKnownFileType = text.plist.strings; name = de; path = AppShortcuts.strings; sourceTree = "<group>"; };
		1A95BCF72F6FDEAF008B80DF /* de */ = {isa = PBXFileReference; lastKnownFileType = text.plist.strings; name = de; path = Localizable.strings; sourceTree = "<group>"; };
		1A95BCFA2F6FDEAF008B80DF /* en */ = {isa = PBXFileReference; lastKnownFileType = text.plist.strings; name = en; path = AppShortcuts.strings; sourceTree = "<group>"; };
		1A95BCFC2F6FDEAF008B80DF /* en */ = {isa = PBXFileReference; lastKnownFileType = text.plist.strings; name = en; path = Localizable.strings; sourceTree = "<group>"; };
		1A95BCFF2F6FDEAF008B80DF /* es */ = {isa = PBXFileReference; lastKnownFileType = text.plist.strings; name = es; path = AppShortcuts.strings; sourceTree = "<group>"; };
		1A95BD012F6FDEAF008B80DF /* es */ = {isa = PBXFileReference; lastKnownFileType = text.plist.strings; name = es; path = Localizable.strings; sourceTree = "<group>"; };
		1A95BD042F6FDEAF008B80DF /* fr */ = {isa = PBXFileReference; lastKnownFileType = text.plist.strings; name = fr; path = AppShortcuts.strings; sourceTree = "<group>"; };
		1A95BD062F6FDEAF008B80DF /* fr */ = {isa = PBXFileReference; lastKnownFileType = text.plist.strings; name = fr; path = Localizable.strings; sourceTree = "<group>"; };
		1A95BD092F6FDEAF008B80DF /* hi */ = {isa = PBXFileReference; lastKnownFileType = text.plist.strings; name = hi; path = AppShortcuts.strings; sourceTree = "<group>"; };
		1A95BD0B2F6FDEAF008B80DF /* hi */ = {isa = PBXFileReference; lastKnownFileType = text.plist.strings; name = hi; path = Localizable.strings; sourceTree = "<group>"; };
		1A95BD0E2F6FDEAF008B80DF /* ja */ = {isa = PBXFileReference; lastKnownFileType = text.plist.strings; name = ja; path = AppShortcuts.strings; sourceTree = "<group>"; };
		1A95BD102F6FDEAF008B80DF /* ja */ = {isa = PBXFileReference; lastKnownFileType = text.plist.strings; name = ja; path = Localizable.strings; sourceTree = "<group>"; };
		1A95BD132F6FDEAF008B80DF /* pl */ = {isa = PBXFileReference; lastKnownFileType = text.plist.strings; name = pl; path = AppShortcuts.strings; sourceTree = "<group>"; };
		1A95BD152F6FDEAF008B80DF /* pl */ = {isa = PBXFileReference; lastKnownFileType = text.plist.strings; name = pl; path = Localizable.strings; sourceTree = "<group>"; };
		1A95BD182F6FDEAF008B80DF /* pt */ = {isa = PBXFileReference; lastKnownFileType = text.plist.strings; name = pt; path = AppShortcuts.strings; sourceTree = "<group>"; };
		1A95BD1A2F6FDEAF008B80DF /* pt */ = {isa = PBXFileReference; lastKnownFileType = text.plist.strings; name = pt; path = Localizable.strings; sourceTree = "<group>"; };
		1A95BD1D2F6FDEAF008B80DF /* ru */ = {isa = PBXFileReference; lastKnownFileType = text.plist.strings; name = ru; path = AppShortcuts.strings; sourceTree = "<group>"; };
		1A95BD1F2F6FDEAF008B80DF /* ru */ = {isa = PBXFileReference; lastKnownFileType = text.plist.strings; name = ru; path = Localizable.strings; sourceTree = "<group>"; };
		1A95BD222F6FDEAF008B80DF /* uk */ = {isa = PBXFileReference; lastKnownFileType = text.plist.strings; name = uk; path = AppShortcuts.strings; sourceTree = "<group>"; };
		1A95BD242F6FDEAF008B80DF /* uk */ = {isa = PBXFileReference; lastKnownFileType = text.plist.strings; name = uk; path = Localizable.strings; sourceTree = "<group>"; };
		1A95BD3B2F6FDEC0008B80DF /* de */ = {isa = PBXFileReference; lastKnownFileType = text.plist.strings; name = de; path = AppShortcuts.strings; sourceTree = "<group>"; };
		1A95BD3D2F6FDEC0008B80DF /* de */ = {isa = PBXFileReference; lastKnownFileType = text.plist.strings; name = de; path = Localizable.strings; sourceTree = "<group>"; };
		1A95BD402F6FDEC0008B80DF /* en */ = {isa = PBXFileReference; lastKnownFileType = text.plist.strings; name = en; path = AppShortcuts.strings; sourceTree = "<group>"; };
		1A95BD422F6FDEC0008B80DF /* en */ = {isa = PBXFileReference; lastKnownFileType = text.plist.strings; name = en; path = Localizable.strings; sourceTree = "<group>"; };
		1A95BD452F6FDEC0008B80DF /* es */ = {isa = PBXFileReference; lastKnownFileType = text.plist.strings; name = es; path = AppShortcuts.strings; sourceTree = "<group>"; };
		1A95BD472F6FDEC0008B80DF /* es */ = {isa = PBXFileReference; lastKnownFileType = text.plist.strings; name = es; path = Localizable.strings; sourceTree = "<group>"; };
		1A95BD4A2F6FDEC0008B80DF /* fr */ = {isa = PBXFileReference; lastKnownFileType = text.plist.strings; name = fr; path = AppShortcuts.strings; sourceTree = "<group>"; };
		1A95BD4C2F6FDEC0008B80DF /* fr */ = {isa = PBXFileReference; lastKnownFileType = text.plist.strings; name = fr; path = Localizable.strings; sourceTree = "<group>"; };
		1A95BD4F2F6FDEC0008B80DF /* hi */ = {isa = PBXFileReference; lastKnownFileType = text.plist.strings; name = hi; path = AppShortcuts.strings; sourceTree = "<group>"; };
		1A95BD512F6FDEC0008B80DF /* hi */ = {isa = PBXFileReference; lastKnownFileType = text.plist.strings; name = hi; path = Localizable.strings; sourceTree = "<group>"; };
		1A95BD542F6FDEC0008B80DF /* ja */ = {isa = PBXFileReference; lastKnownFileType = text.plist.strings; name = ja; path = AppShortcuts.strings; sourceTree = "<group>"; };
		1A95BD562F6FDEC0008B80DF /* ja */ = {isa = PBXFileReference; lastKnownFileType = text.plist.strings; name = ja; path = Localizable.strings; sourceTree = "<group>"; };
		1A95BD592F6FDEC0008B80DF /* pl */ = {isa = PBXFileReference; lastKnownFileType = text.plist.strings; name = pl; path = AppShortcuts.strings; sourceTree = "<group>"; };
		1A95BD5B2F6FDEC0008B80DF /* pl */ = {isa = PBXFileReference; lastKnownFileType = text.plist.strings; name = pl; path = Localizable.strings; sourceTree = "<group>"; };
		1A95BD5E2F6FDEC0008B80DF /* pt */ = {isa = PBXFileReference; lastKnownFileType = text.plist.strings; name = pt; path = AppShortcuts.strings; sourceTree = "<group>"; };
		1A95BD602F6FDEC0008B80DF /* pt */ = {isa = PBXFileReference; lastKnownFileType = text.plist.strings; name = pt; path = Localizable.strings; sourceTree = "<group>"; };
		1A95BD632F6FDEC0008B80DF /* ru */ = {isa = PBXFileReference; lastKnownFileType = text.plist.strings; name = ru; path = AppShortcuts.strings; sourceTree = "<group>"; };
		1A95BD652F6FDEC0008B80DF /* ru */ = {isa = PBXFileReference; lastKnownFileType = text.plist.strings; name = ru; path = Localizable.strings; sourceTree = "<group>"; };
		1A95BD682F6FDEC0008B80DF /* uk */ = {isa = PBXFileReference; lastKnownFileType = text.plist.strings; name = uk; path = AppShortcuts.strings; sourceTree = "<group>"; };
		1A95BD6A2F6FDEC0008B80DF /* uk */ = {isa = PBXFileReference; lastKnownFileType = text.plist.strings; name = uk; path = Localizable.strings; sourceTree = "<group>"; };
		1A9F3B032F700000008B0003 /* HealthService.swift */ = {isa = PBXFileReference; lastKnownFileType = sourcecode.swift; path = HealthService.swift; sourceTree = "<group>"; };
		1ACEAC372F65512200943D79 /* BreatheWatch Watch App.entitlements */ = {isa = PBXFileReference; lastKnownFileType = text.plist.entitlements; path = "BreatheWatch Watch App.entitlements"; sourceTree = "<group>"; };
		1ACEAC382F65536400943D79 /* Runner.entitlements */ = {isa = PBXFileReference; lastKnownFileType = text.plist.entitlements; path = Runner.entitlements; sourceTree = "<group>"; };
		1AE3138B2F6FD4FC0022B47C /* AppShortcuts.swift */ = {isa = PBXFileReference; lastKnownFileType = sourcecode.swift; path = AppShortcuts.swift; sourceTree = "<group>"; };
		1AE3138C2F6FD4FC0022B47C /* StartBreathingIntent.swift */ = {isa = PBXFileReference; lastKnownFileType = sourcecode.swift; path = StartBreathingIntent.swift; sourceTree = "<group>"; };
		1AE3138F2F6FD5180022B47C /* StartBreathingWatchIntent.swift */ = {isa = PBXFileReference; lastKnownFileType = sourcecode.swift; path = StartBreathingWatchIntent.swift; sourceTree = "<group>"; };
		1AE313902F6FD5180022B47C /* WatchAppShortcuts.swift */ = {isa = PBXFileReference; lastKnownFileType = sourcecode.swift; path = WatchAppShortcuts.swift; sourceTree = "<group>"; };
		331C807B294A618700263BE5 /* RunnerTests.swift */ = {isa = PBXFileReference; lastKnownFileType = sourcecode.swift; path = RunnerTests.swift; sourceTree = "<group>"; };
		331C8081294A63A400263BE5 /* RunnerTests.xctest */ = {isa = PBXFileReference; explicitFileType = wrapper.cfbundle; includeInIndex = 0; path = RunnerTests.xctest; sourceTree = BUILT_PRODUCTS_DIR; };
		3B3967151E833CAA004F5970 /* AppFrameworkInfo.plist */ = {isa = PBXFileReference; fileEncoding = 4; lastKnownFileType = text.plist.xml; name = AppFrameworkInfo.plist; path = Flutter/AppFrameworkInfo.plist; sourceTree = "<group>"; };
		53A40E8959AD33DD765D65B0 /* Pods-Runner.debug.xcconfig */ = {isa = PBXFileReference; includeInIndex = 1; lastKnownFileType = text.xcconfig; name = "Pods-Runner.debug.xcconfig"; path = "Target Support Files/Pods-Runner/Pods-Runner.debug.xcconfig"; sourceTree = "<group>"; };
		6A60B30481C847CB5324C715 /* Pods-RunnerTests.debug.xcconfig */ = {isa = PBXFileReference; includeInIndex = 1; lastKnownFileType = text.xcconfig; name = "Pods-RunnerTests.debug.xcconfig"; path = "Target Support Files/Pods-RunnerTests/Pods-RunnerTests.debug.xcconfig"; sourceTree = "<group>"; };
		74858FAD1ED2DC5600515810 /* Runner-Bridging-Header.h */ = {isa = PBXFileReference; lastKnownFileType = sourcecode.c.h; path = "Runner-Bridging-Header.h"; sourceTree = "<group>"; };
		74858FAE1ED2DC5600515810 /* AppDelegate.swift */ = {isa = PBXFileReference; fileEncoding = 4; lastKnownFileType = sourcecode.swift; path = AppDelegate.swift; sourceTree = "<group>"; };
		7884E8672EC3CC0400C636F2 /* SceneDelegate.swift */ = {isa = PBXFileReference; lastKnownFileType = sourcecode.swift; path = SceneDelegate.swift; sourceTree = "<group>"; };
		7AFA3C8E1D35360C0083082E /* Release.xcconfig */ = {isa = PBXFileReference; lastKnownFileType = text.xcconfig; name = Release.xcconfig; path = Flutter/Release.xcconfig; sourceTree = "<group>"; };
		7FBEA7B12F0E3A1D00A1B2C3 /* Profile.xcconfig */ = {isa = PBXFileReference; lastKnownFileType = text.xcconfig; name = Profile.xcconfig; path = Flutter/Profile.xcconfig; sourceTree = "<group>"; };
		81DDC2A6EB30B0CF6C9DD998 /* Pods-RunnerTests.profile.xcconfig */ = {isa = PBXFileReference; includeInIndex = 1; lastKnownFileType = text.xcconfig; name = "Pods-RunnerTests.profile.xcconfig"; path = "Target Support Files/Pods-RunnerTests/Pods-RunnerTests.profile.xcconfig"; sourceTree = "<group>"; };
		9740EEB21CF90195004384FC /* Debug.xcconfig */ = {isa = PBXFileReference; fileEncoding = 4; lastKnownFileType = text.xcconfig; name = Debug.xcconfig; path = Flutter/Debug.xcconfig; sourceTree = "<group>"; };
		9740EEB31CF90195004384FC /* Generated.xcconfig */ = {isa = PBXFileReference; fileEncoding = 4; lastKnownFileType = text.xcconfig; name = Generated.xcconfig; path = Flutter/Generated.xcconfig; sourceTree = "<group>"; };
		97C146EE1CF9000F007C117D /* Runner.app */ = {isa = PBXFileReference; explicitFileType = wrapper.application; includeInIndex = 0; path = Runner.app; sourceTree = BUILT_PRODUCTS_DIR; };
		97C146FB1CF9000F007C117D /* Base */ = {isa = PBXFileReference; lastKnownFileType = file.storyboard; name = Base; path = Base.lproj/Main.storyboard; sourceTree = "<group>"; };
		97C146FD1CF9000F007C117D /* Assets.xcassets */ = {isa = PBXFileReference; lastKnownFileType = folder.assetcatalog; path = Assets.xcassets; sourceTree = "<group>"; };
		97C147001CF9000F007C117D /* Base */ = {isa = PBXFileReference; lastKnownFileType = file.storyboard; name = Base; path = Base.lproj/LaunchScreen.storyboard; sourceTree = "<group>"; };
		97C147021CF9000F007C117D /* Info.plist */ = {isa = PBXFileReference; lastKnownFileType = text.plist.xml; path = Info.plist; sourceTree = "<group>"; };
		AEB11AF1D6A6852232915583 /* Pods_Runner.framework */ = {isa = PBXFileReference; explicitFileType = wrapper.framework; includeInIndex = 0; path = Pods_Runner.framework; sourceTree = BUILT_PRODUCTS_DIR; };
		B9522A6F883FE77A80162A9B /* Pods-Runner.profile.xcconfig */ = {isa = PBXFileReference; includeInIndex = 1; lastKnownFileType = text.xcconfig; name = "Pods-Runner.profile.xcconfig"; path = "Target Support Files/Pods-Runner/Pods-Runner.profile.xcconfig"; sourceTree = "<group>"; };
		B964E40EE0BE69F02A211385 /* Pods-RunnerTests.release.xcconfig */ = {isa = PBXFileReference; includeInIndex = 1; lastKnownFileType = text.xcconfig; name = "Pods-RunnerTests.release.xcconfig"; path = "Target Support Files/Pods-RunnerTests/Pods-RunnerTests.release.xcconfig"; sourceTree = "<group>"; };
		C363D7C4DEE69B0AC51F1B0E /* Pods-Runner.release.xcconfig */ = {isa = PBXFileReference; includeInIndex = 1; lastKnownFileType = text.xcconfig; name = "Pods-Runner.release.xcconfig"; path = "Target Support Files/Pods-Runner/Pods-Runner.release.xcconfig"; sourceTree = "<group>"; };
/* End PBXFileReference section */

/* Begin PBXFrameworksBuildPhase section */
		1A81C3652F62E9BE00A8B676 /* Frameworks */ = {
			isa = PBXFrameworksBuildPhase;
			buildActionMask = 2147483647;
			files = (
			);
			runOnlyForDeploymentPostprocessing = 0;
		};
		97C146EB1CF9000F007C117D /* Frameworks */ = {
			isa = PBXFrameworksBuildPhase;
			buildActionMask = 2147483647;
			files = (
				F82CBE7CB0EFBB4AE539B5C2 /* Pods_Runner.framework in Frameworks */,
			);
			runOnlyForDeploymentPostprocessing = 0;
		};
		D35390F8E9621B6EF1E3CA9A /* Frameworks */ = {
			isa = PBXFrameworksBuildPhase;
			buildActionMask = 2147483647;
			files = (
				0C1DB9D600F7754DEB9F11DA /* Pods_RunnerTests.framework in Frameworks */,
			);
			runOnlyForDeploymentPostprocessing = 0;
		};
/* End PBXFrameworksBuildPhase section */

/* Begin PBXGroup section */
		1A81C37D2F62EA4300A8B676 /* BreatheWatch */ = {
			isa = PBXGroup;
			children = (
				1A95BD3F2F6FDEC0008B80DF /* de.lproj */,
				1A95BD442F6FDEC0008B80DF /* en.lproj */,
				1A95BD492F6FDEC0008B80DF /* es.lproj */,
				1A95BD4E2F6FDEC0008B80DF /* fr.lproj */,
				1A95BD532F6FDEC0008B80DF /* hi.lproj */,
				1A95BD582F6FDEC0008B80DF /* ja.lproj */,
				1A95BD5D2F6FDEC0008B80DF /* pl.lproj */,
				1A95BD622F6FDEC0008B80DF /* pt.lproj */,
				1A95BD672F6FDEC0008B80DF /* ru.lproj */,
				1A95BD6C2F6FDEC0008B80DF /* uk.lproj */,
				1AE3138F2F6FD5180022B47C /* StartBreathingWatchIntent.swift */,
				1AE313902F6FD5180022B47C /* WatchAppShortcuts.swift */,
				1A487AB42F63254000682DB1 /* CustomTimerView.swift */,
				1A9F3B032F700000008B0003 /* HealthService.swift */,
				1A487AAA2F631A4000682DB1 /* phase-exhale.mp3 */,
				1A487AAB2F631A4000682DB1 /* phase-hold.mp3 */,
				1A487AAC2F631A4000682DB1 /* phase-inhale.mp3 */,
				1A81C3782F62EA4300A8B676 /* BreatheWatchApp.swift */,
				1A81C3792F62EA4300A8B676 /* BreathingEngine.swift */,
				1A81C37A2F62EA4300A8B676 /* PresetListView.swift */,
				1A81C37B2F62EA4300A8B676 /* Presets.swift */,
				1A81C37C2F62EA4300A8B676 /* SessionView.swift */,
				1A487AB22F631C6600682DB1 /* Assets 2.xcassets */,
			);
			path = BreatheWatch;
			sourceTree = "<group>";
		};
		1A95BCF92F6FDEAF008B80DF /* de.lproj */ = {
			isa = PBXGroup;
			children = (
				1A95BCF62F6FDEAF008B80DF /* AppShortcuts.strings */,
				1A95BCF82F6FDEAF008B80DF /* Localizable.strings */,
			);
			path = de.lproj;
			sourceTree = "<group>";
		};
		1A95BCFE2F6FDEAF008B80DF /* en.lproj */ = {
			isa = PBXGroup;
			children = (
				1A95BCFB2F6FDEAF008B80DF /* AppShortcuts.strings */,
				1A95BCFD2F6FDEAF008B80DF /* Localizable.strings */,
			);
			path = en.lproj;
			sourceTree = "<group>";
		};
		1A95BD032F6FDEAF008B80DF /* es.lproj */ = {
			isa = PBXGroup;
			children = (
				1A95BD002F6FDEAF008B80DF /* AppShortcuts.strings */,
				1A95BD022F6FDEAF008B80DF /* Localizable.strings */,
			);
			path = es.lproj;
			sourceTree = "<group>";
		};
		1A95BD082F6FDEAF008B80DF /* fr.lproj */ = {
			isa = PBXGroup;
			children = (
				1A95BD052F6FDEAF008B80DF /* AppShortcuts.strings */,
				1A95BD072F6FDEAF008B80DF /* Localizable.strings */,
			);
			path = fr.lproj;
			sourceTree = "<group>";
		};
		1A95BD0D2F6FDEAF008B80DF /* hi.lproj */ = {
			isa = PBXGroup;
			children = (
				1A95BD0A2F6FDEAF008B80DF /* AppShortcuts.strings */,
				1A95BD0C2F6FDEAF008B80DF /* Localizable.strings */,
			);
			path = hi.lproj;
			sourceTree = "<group>";
		};
		1A95BD122F6FDEAF008B80DF /* ja.lproj */ = {
			isa = PBXGroup;
			children = (
				1A95BD0F2F6FDEAF008B80DF /* AppShortcuts.strings */,
				1A95BD112F6FDEAF008B80DF /* Localizable.strings */,
			);
			path = ja.lproj;
			sourceTree = "<group>";
		};
		1A95BD172F6FDEAF008B80DF /* pl.lproj */ = {
			isa = PBXGroup;
			children = (
				1A95BD142F6FDEAF008B80DF /* AppShortcuts.strings */,
				1A95BD162F6FDEAF008B80DF /* Localizable.strings */,
			);
			path = pl.lproj;
			sourceTree = "<group>";
		};
		1A95BD1C2F6FDEAF008B80DF /* pt.lproj */ = {
			isa = PBXGroup;
			children = (
				1A95BD192F6FDEAF008B80DF /* AppShortcuts.strings */,
				1A95BD1B2F6FDEAF008B80DF /* Localizable.strings */,
			);
			path = pt.lproj;
			sourceTree = "<group>";
		};
		1A95BD212F6FDEAF008B80DF /* ru.lproj */ = {
			isa = PBXGroup;
			children = (
				1A95BD1E2F6FDEAF008B80DF /* AppShortcuts.strings */,
				1A95BD202F6FDEAF008B80DF /* Localizable.strings */,
			);
			path = ru.lproj;
			sourceTree = "<group>";
		};
		1A95BD262F6FDEAF008B80DF /* uk.lproj */ = {
			isa = PBXGroup;
			children = (
				1A95BD232F6FDEAF008B80DF /* AppShortcuts.strings */,
				1A95BD252F6FDEAF008B80DF /* Localizable.strings */,
			);
			path = uk.lproj;
			sourceTree = "<group>";
		};
		1A95BD3F2F6FDEC0008B80DF /* de.lproj */ = {
			isa = PBXGroup;
			children = (
				1A95BD3C2F6FDEC0008B80DF /* AppShortcuts.strings */,
				1A95BD3E2F6FDEC0008B80DF /* Localizable.strings */,
			);
			path = de.lproj;
			sourceTree = "<group>";
		};
		1A95BD442F6FDEC0008B80DF /* en.lproj */ = {
			isa = PBXGroup;
			children = (
				1A95BD412F6FDEC0008B80DF /* AppShortcuts.strings */,
				1A95BD432F6FDEC0008B80DF /* Localizable.strings */,
			);
			path = en.lproj;
			sourceTree = "<group>";
		};
		1A95BD492F6FDEC0008B80DF /* es.lproj */ = {
			isa = PBXGroup;
			children = (
				1A95BD462F6FDEC0008B80DF /* AppShortcuts.strings */,
				1A95BD482F6FDEC0008B80DF /* Localizable.strings */,
			);
			path = es.lproj;
			sourceTree = "<group>";
		};
		1A95BD4E2F6FDEC0008B80DF /* fr.lproj */ = {
			isa = PBXGroup;
			children = (
				1A95BD4B2F6FDEC0008B80DF /* AppShortcuts.strings */,
				1A95BD4D2F6FDEC0008B80DF /* Localizable.strings */,
			);
			path = fr.lproj;
			sourceTree = "<group>";
		};
		1A95BD532F6FDEC0008B80DF /* hi.lproj */ = {
			isa = PBXGroup;
			children = (
				1A95BD502F6FDEC0008B80DF /* AppShortcuts.strings */,
				1A95BD522F6FDEC0008B80DF /* Localizable.strings */,
			);
			path = hi.lproj;
			sourceTree = "<group>";
		};
		1A95BD582F6FDEC0008B80DF /* ja.lproj */ = {
			isa = PBXGroup;
			children = (
				1A95BD552F6FDEC0008B80DF /* AppShortcuts.strings */,
				1A95BD572F6FDEC0008B80DF /* Localizable.strings */,
			);
			path = ja.lproj;
			sourceTree = "<group>";
		};
		1A95BD5D2F6FDEC0008B80DF /* pl.lproj */ = {
			isa = PBXGroup;
			children = (
				1A95BD5A2F6FDEC0008B80DF /* AppShortcuts.strings */,
				1A95BD5C2F6FDEC0008B80DF /* Localizable.strings */,
			);
			path = pl.lproj;
			sourceTree = "<group>";
		};
		1A95BD622F6FDEC0008B80DF /* pt.lproj */ = {
			isa = PBXGroup;
			children = (
				1A95BD5F2F6FDEC0008B80DF /* AppShortcuts.strings */,
				1A95BD612F6FDEC0008B80DF /* Localizable.strings */,
			);
			path = pt.lproj;
			sourceTree = "<group>";
		};
		1A95BD672F6FDEC0008B80DF /* ru.lproj */ = {
			isa = PBXGroup;
			children = (
				1A95BD642F6FDEC0008B80DF /* AppShortcuts.strings */,
				1A95BD662F6FDEC0008B80DF /* Localizable.strings */,
			);
			path = ru.lproj;
			sourceTree = "<group>";
		};
		1A95BD6C2F6FDEC0008B80DF /* uk.lproj */ = {
			isa = PBXGroup;
			children = (
				1A95BD692F6FDEC0008B80DF /* AppShortcuts.strings */,
				1A95BD6B2F6FDEC0008B80DF /* Localizable.strings */,
			);
			path = uk.lproj;
			sourceTree = "<group>";
		};
		331C8082294A63A400263BE5 /* RunnerTests */ = {
			isa = PBXGroup;
			children = (
				331C807B294A618700263BE5 /* RunnerTests.swift */,
			);
			path = RunnerTests;
			sourceTree = "<group>";
		};
		9740EEB11CF90186004384FC /* Flutter */ = {
			isa = PBXGroup;
			children = (
				3B3967151E833CAA004F5970 /* AppFrameworkInfo.plist */,
				9740EEB21CF90195004384FC /* Debug.xcconfig */,
				7FBEA7B12F0E3A1D00A1B2C3 /* Profile.xcconfig */,
				7AFA3C8E1D35360C0083082E /* Release.xcconfig */,
				9740EEB31CF90195004384FC /* Generated.xcconfig */,
			);
			name = Flutter;
			sourceTree = "<group>";
		};
		97C146E51CF9000F007C117D = {
			isa = PBXGroup;
			children = (
				1ACEAC372F65512200943D79 /* BreatheWatch Watch App.entitlements */,
				1A81C37D2F62EA4300A8B676 /* BreatheWatch */,
				9740EEB11CF90186004384FC /* Flutter */,
				97C146F01CF9000F007C117D /* Runner */,
				97C146EF1CF9000F007C117D /* Products */,
				331C8082294A63A400263BE5 /* RunnerTests */,
				CDE69D668242B510BA17A582 /* Pods */,
				F1C3963AF301BB50127BC470 /* Frameworks */,
			);
			sourceTree = "<group>";
		};
		97C146EF1CF9000F007C117D /* Products */ = {
			isa = PBXGroup;
			children = (
				97C146EE1CF9000F007C117D /* Runner.app */,
				331C8081294A63A400263BE5 /* RunnerTests.xctest */,
				1A81C3682F62E9BE00A8B676 /* BreatheWatch Watch App.app */,
			);
			name = Products;
			sourceTree = "<group>";
		};
		97C146F01CF9000F007C117D /* Runner */ = {
			isa = PBXGroup;
			children = (
				1A95BCF92F6FDEAF008B80DF /* de.lproj */,
				1A95BCFE2F6FDEAF008B80DF /* en.lproj */,
				1A95BD032F6FDEAF008B80DF /* es.lproj */,
				1A95BD082F6FDEAF008B80DF /* fr.lproj */,
				1A95BD0D2F6FDEAF008B80DF /* hi.lproj */,
				1A95BD122F6FDEAF008B80DF /* ja.lproj */,
				1A95BD172F6FDEAF008B80DF /* pl.lproj */,
				1A95BD1C2F6FDEAF008B80DF /* pt.lproj */,
				1A95BD212F6FDEAF008B80DF /* ru.lproj */,
				1A95BD262F6FDEAF008B80DF /* uk.lproj */,
				1AE3138B2F6FD4FC0022B47C /* AppShortcuts.swift */,
				1AE3138C2F6FD4FC0022B47C /* StartBreathingIntent.swift */,
				1ACEAC382F65536400943D79 /* Runner.entitlements */,
				97C146FA1CF9000F007C117D /* Main.storyboard */,
				97C146FD1CF9000F007C117D /* Assets.xcassets */,
				97C146FF1CF9000F007C117D /* LaunchScreen.storyboard */,
				97C147021CF9000F007C117D /* Info.plist */,
				1498D2321E8E86230040F4C2 /* GeneratedPluginRegistrant.h */,
				1498D2331E8E89220040F4C2 /* GeneratedPluginRegistrant.m */,
				74858FAE1ED2DC5600515810 /* AppDelegate.swift */,
				7884E8672EC3CC0400C636F2 /* SceneDelegate.swift */,
				74858FAD1ED2DC5600515810 /* Runner-Bridging-Header.h */,
			);
			path = Runner;
			sourceTree = "<group>";
		};
		CDE69D668242B510BA17A582 /* Pods */ = {
			isa = PBXGroup;
			children = (
				53A40E8959AD33DD765D65B0 /* Pods-Runner.debug.xcconfig */,
				C363D7C4DEE69B0AC51F1B0E /* Pods-Runner.release.xcconfig */,
				B9522A6F883FE77A80162A9B /* Pods-Runner.profile.xcconfig */,
				6A60B30481C847CB5324C715 /* Pods-RunnerTests.debug.xcconfig */,
				B964E40EE0BE69F02A211385 /* Pods-RunnerTests.release.xcconfig */,
				81DDC2A6EB30B0CF6C9DD998 /* Pods-RunnerTests.profile.xcconfig */,
			);
			path = Pods;
			sourceTree = "<group>";
		};
		F1C3963AF301BB50127BC470 /* Frameworks */ = {
			isa = PBXGroup;
			children = (
				AEB11AF1D6A6852232915583 /* Pods_Runner.framework */,
				1137AA267848AD7CF058BD73 /* Pods_RunnerTests.framework */,
			);
			name = Frameworks;
			sourceTree = "<group>";
		};
/* End PBXGroup section */

/* Begin PBXNativeTarget section */
		1A81C3672F62E9BE00A8B676 /* BreatheWatch Watch App */ = {
			isa = PBXNativeTarget;
			buildConfigurationList = 1A81C3772F62E9BF00A8B676 /* Build configuration list for PBXNativeTarget "BreatheWatch Watch App" */;
			buildPhases = (
				1A81C3642F62E9BE00A8B676 /* Sources */,
				1A81C3652F62E9BE00A8B676 /* Frameworks */,
				1A81C3662F62E9BE00A8B676 /* Resources */,
			);
			buildRules = (
			);
			dependencies = (
			);
			name = "BreatheWatch Watch App";
			productName = "BreatheWatch Watch App";
			productReference = 1A81C3682F62E9BE00A8B676 /* BreatheWatch Watch App.app */;
			productType = "com.apple.product-type.application";
		};
		331C8080294A63A400263BE5 /* RunnerTests */ = {
			isa = PBXNativeTarget;
			buildConfigurationList = 331C8087294A63A400263BE5 /* Build configuration list for PBXNativeTarget "RunnerTests" */;
			buildPhases = (
				B301EF9EF8DC0A5F3FE7A1FA /* [CP] Check Pods Manifest.lock */,
				331C807D294A63A400263BE5 /* Sources */,
				331C807F294A63A400263BE5 /* Resources */,
				D35390F8E9621B6EF1E3CA9A /* Frameworks */,
			);
			buildRules = (
			);
			dependencies = (
				331C8086294A63A400263BE5 /* PBXTargetDependency */,
			);
			name = RunnerTests;
			productName = RunnerTests;
			productReference = 331C8081294A63A400263BE5 /* RunnerTests.xctest */;
			productType = "com.apple.product-type.bundle.unit-test";
		};
		97C146ED1CF9000F007C117D /* Runner */ = {
			isa = PBXNativeTarget;
			buildConfigurationList = 97C147051CF9000F007C117D /* Build configuration list for PBXNativeTarget "Runner" */;
			buildPhases = (
				5A5AE32F8548BD8FB3863B13 /* [CP] Check Pods Manifest.lock */,
				9740EEB61CF901F6004384FC /* Run Script */,
				97C146EA1CF9000F007C117D /* Sources */,
				97C146EB1CF9000F007C117D /* Frameworks */,
				97C146EC1CF9000F007C117D /* Resources */,
				1A81C3732F62E9BF00A8B676 /* Embed Watch Content */,
				1A9F3B012F700000008B0001 /* Fix Watch Icons */,
				9705A1C41CF9048500538489 /* Embed Frameworks */,
				0A069DF3F876BF0E88B1192F /* [CP] Embed Pods Frameworks */,
				3B06AD1E1E4923F5004D2608 /* Thin Binary */,
				A1E6B2F83D4E7A9C00112233 /* Generate objective_c dSYM */,
			);
			buildRules = (
			);
			dependencies = (
				1A81C3712F62E9BF00A8B676 /* PBXTargetDependency */,
			);
			name = Runner;
			productName = Runner;
			productReference = 97C146EE1CF9000F007C117D /* Runner.app */;
			productType = "com.apple.product-type.application";
		};
/* End PBXNativeTarget section */

/* Begin PBXProject section */
		97C146E61CF9000F007C117D /* Project object */ = {
			isa = PBXProject;
			attributes = {
				BuildIndependentTargetsInParallel = YES;
				LastSwiftUpdateCheck = 2630;
				LastUpgradeCheck = 1510;
				ORGANIZATIONNAME = "";
				TargetAttributes = {
					1A81C3672F62E9BE00A8B676 = {
						CreatedOnToolsVersion = 26.3;
					};
					331C8080294A63A400263BE5 = {
						CreatedOnToolsVersion = 14.0;
						TestTargetID = 97C146ED1CF9000F007C117D;
					};
					97C146ED1CF9000F007C117D = {
						CreatedOnToolsVersion = 7.3.1;
						LastSwiftMigration = 1100;
					};
				};
			};
			buildConfigurationList = 97C146E91CF9000F007C117D /* Build configuration list for PBXProject "Runner" */;
			compatibilityVersion = "Xcode 9.3";
			developmentRegion = en;
			hasScannedForEncodings = 0;
			knownRegions = (
				en,
				Base,
				de,
				es,
				fr,
				hi,
				ja,
				pl,
				pt,
				ru,
				uk,
			);
			mainGroup = 97C146E51CF9000F007C117D;
			productRefGroup = 97C146EF1CF9000F007C117D /* Products */;
			projectDirPath = "";
			projectRoot = "";
			targets = (
				97C146ED1CF9000F007C117D /* Runner */,
				331C8080294A63A400263BE5 /* RunnerTests */,
				1A81C3672F62E9BE00A8B676 /* BreatheWatch Watch App */,
			);
		};
/* End PBXProject section */

/* Begin PBXResourcesBuildPhase section */
		1A81C3662F62E9BE00A8B676 /* Resources */ = {
			isa = PBXResourcesBuildPhase;
			buildActionMask = 2147483647;
			files = (
				1A487AAD2F631A4000682DB1 /* phase-hold.mp3 in Resources */,
				1A487AAE2F631A4000682DB1 /* phase-exhale.mp3 in Resources */,
				1A487AB32F631C6600682DB1 /* Assets 2.xcassets in Resources */,
				1A95BD6D2F6FDEC0008B80DF /* Localizable.strings in Resources */,
				1A95BD6E2F6FDEC0008B80DF /* Localizable.strings in Resources */,
				1A95BD6F2F6FDEC0008B80DF /* Localizable.strings in Resources */,
				1A95BD702F6FDEC0008B80DF /* AppShortcuts.strings in Resources */,
				1A95BD712F6FDEC0008B80DF /* Localizable.strings in Resources */,
				1A95BD722F6FDEC0008B80DF /* AppShortcuts.strings in Resources */,
				1A95BD732F6FDEC0008B80DF /* AppShortcuts.strings in Resources */,
				1A95BD742F6FDEC0008B80DF /* Localizable.strings in Resources */,
				1A95BD752F6FDEC0008B80DF /* Localizable.strings in Resources */,
				1A95BD762F6FDEC0008B80DF /* AppShortcuts.strings in Resources */,
				1A95BD772F6FDEC0008B80DF /* AppShortcuts.strings in Resources */,
				1A95BD782F6FDEC0008B80DF /* AppShortcuts.strings in Resources */,
				1A95BD792F6FDEC0008B80DF /* Localizable.strings in Resources */,
				1A95BD7A2F6FDEC0008B80DF /* AppShortcuts.strings in Resources */,
				1A95BD7B2F6FDEC0008B80DF /* AppShortcuts.strings in Resources */,
				1A95BD7C2F6FDEC0008B80DF /* AppShortcuts.strings in Resources */,
				1A95BD7D2F6FDEC0008B80DF /* Localizable.strings in Resources */,
				1A95BD7E2F6FDEC0008B80DF /* Localizable.strings in Resources */,
				1A95BD7F2F6FDEC0008B80DF /* Localizable.strings in Resources */,
				1A95BD802F6FDEC0008B80DF /* AppShortcuts.strings in Resources */,
				1A487AAF2F631A4000682DB1 /* phase-inhale.mp3 in Resources */,
			);
			runOnlyForDeploymentPostprocessing = 0;
		};
		331C807F294A63A400263BE5 /* Resources */ = {
			isa = PBXResourcesBuildPhase;
			buildActionMask = 2147483647;
			files = (
			);
			runOnlyForDeploymentPostprocessing = 0;
		};
		97C146EC1CF9000F007C117D /* Resources */ = {
			isa = PBXResourcesBuildPhase;
			buildActionMask = 2147483647;
			files = (
				97C147011CF9000F007C117D /* LaunchScreen.storyboard in Resources */,
				3B3967161E833CAA004F5970 /* AppFrameworkInfo.plist in Resources */,
				1A95BD272F6FDEAF008B80DF /* AppShortcuts.strings in Resources */,
				1A95BD282F6FDEAF008B80DF /* AppShortcuts.strings in Resources */,
				1A95BD292F6FDEAF008B80DF /* AppShortcuts.strings in Resources */,
				1A95BD2A2F6FDEAF008B80DF /* AppShortcuts.strings in Resources */,
				1A95BD2B2F6FDEAF008B80DF /* AppShortcuts.strings in Resources */,
				1A95BD2C2F6FDEAF008B80DF /* Localizable.strings in Resources */,
				1A95BD2D2F6FDEAF008B80DF /* Localizable.strings in Resources */,
				1A95BD2E2F6FDEAF008B80DF /* AppShortcuts.strings in Resources */,
				1A95BD2F2F6FDEAF008B80DF /* Localizable.strings in Resources */,
				1A95BD302F6FDEAF008B80DF /* AppShortcuts.strings in Resources */,
				1A95BD312F6FDEAF008B80DF /* Localizable.strings in Resources */,
				1A95BD322F6FDEAF008B80DF /* Localizable.strings in Resources */,
				1A95BD332F6FDEAF008B80DF /* AppShortcuts.strings in Resources */,
				1A95BD342F6FDEAF008B80DF /* AppShortcuts.strings in Resources */,
				1A95BD352F6FDEAF008B80DF /* Localizable.strings in Resources */,
				1A95BD362F6FDEAF008B80DF /* Localizable.strings in Resources */,
				1A95BD372F6FDEAF008B80DF /* Localizable.strings in Resources */,
				1A95BD382F6FDEAF008B80DF /* AppShortcuts.strings in Resources */,
				1A95BD392F6FDEAF008B80DF /* Localizable.strings in Resources */,
				1A95BD3A2F6FDEAF008B80DF /* Localizable.strings in Resources */,
				97C146FE1CF9000F007C117D /* Assets.xcassets in Resources */,
				97C146FC1CF9000F007C117D /* Main.storyboard in Resources */,
			);
			runOnlyForDeploymentPostprocessing = 0;
		};
/* End PBXResourcesBuildPhase section */

/* Begin PBXShellScriptBuildPhase section */
		0A069DF3F876BF0E88B1192F /* [CP] Embed Pods Frameworks */ = {
			isa = PBXShellScriptBuildPhase;
			alwaysOutOfDate = 1;
			buildActionMask = 2147483647;
			files = (
			);
			inputFileListPaths = (
				"${PODS_ROOT}/Target Support Files/Pods-Runner/Pods-Runner-frameworks-${CONFIGURATION}-input-files.xcfilelist",
			);
			inputPaths = (
			);
			name = "[CP] Embed Pods Frameworks";
			outputFileListPaths = (
				"${PODS_ROOT}/Target Support Files/Pods-Runner/Pods-Runner-frameworks-${CONFIGURATION}-output-files.xcfilelist",
			);
			outputPaths = (
			);
			runOnlyForDeploymentPostprocessing = 0;
			shellPath = /bin/sh;
			shellScript = "\"${PODS_ROOT}/Target Support Files/Pods-Runner/Pods-Runner-frameworks.sh\"\n";
			showEnvVarsInLog = 0;
		};
		1A9F3B012F700000008B0001 /* Fix Watch Icons */ = {
			isa = PBXShellScriptBuildPhase;
			buildActionMask = 2147483647;
			files = (
			);
			inputFileListPaths = (
			);
			inputPaths = (
			);
			name = "Fix Watch Icons";
			outputFileListPaths = (
			);
			outputPaths = (
			);
			runOnlyForDeploymentPostprocessing = 0;
			shellPath = /bin/sh;
			shellScript = "WATCH_APP=\"${TARGET_BUILD_DIR}/${WRAPPER_NAME}/Watch/BreatheWatch Watch App.app\"\nPLIST=\"${WATCH_APP}/Info.plist\"\nICON_SRC=\"${SRCROOT}/BreatheWatch/Assets 2.xcassets/AppIcon.appiconset\"\nASSET_CATALOG=\"${SRCROOT}/BreatheWatch/Assets 2.xcassets\"\nif [ ! -f \"$PLIST\" ]; then echo \"Watch app plist not found: $PLIST\"; exit 0; fi\ncp \"${ICON_SRC}/AppIcon-58.png\"  \"${WATCH_APP}/AppIcon-58.png\"\ncp \"${ICON_SRC}/AppIcon-80.png\"  \"${WATCH_APP}/AppIcon-80.png\"\ncp \"${ICON_SRC}/AppIcon-87.png\"  \"${WATCH_APP}/AppIcon-87.png\"\ncp \"${ICON_SRC}/AppIcon-88.png\"  \"${WATCH_APP}/AppIcon-88.png\"\ncp \"${ICON_SRC}/AppIcon-92.png\"  \"${WATCH_APP}/AppIcon-92.png\"\ncp \"${ICON_SRC}/AppIcon-100.png\" \"${WATCH_APP}/AppIcon-100.png\"\ncp \"${ICON_SRC}/AppIcon-102.png\" \"${WATCH_APP}/AppIcon-102.png\"\ncp \"${ICON_SRC}/AppIcon-108.png\" \"${WATCH_APP}/AppIcon-108.png\"\nTEMP_DIR=$(mktemp -d)\nxcrun actool \"${ASSET_CATALOG}\" --output-format human-readable-text --notices --warnings --compress-pngs --output-partial-info-plist \"${TEMP_DIR}/partial-info.plist\" --app-icon AppIcon --minimum-deployment-target 9.0 --platform watchos --target-device watch --compile \"${TEMP_DIR}\" 2>/dev/null\nif [ -f \"${TEMP_DIR}/Assets.car\" ]; then cp \"${TEMP_DIR}/Assets.car\" \"${WATCH_APP}/Assets.car\"; fi\nrm -rf \"${TEMP_DIR}\"\n/usr/libexec/PlistBuddy -c \"Delete :CFBundleIconName\" \"$PLIST\" 2>/dev/null || true\n/usr/libexec/PlistBuddy -c \"Add :CFBundleIconName string AppIcon\" \"$PLIST\"\n/usr/libexec/PlistBuddy -c \"Delete :CFBundleIcons\" \"$PLIST\" 2>/dev/null || true\n/usr/libexec/PlistBuddy -c \"Add :CFBundleIcons dict\" \"$PLIST\"\n/usr/libexec/PlistBuddy -c \"Add :CFBundleIcons:CFBundlePrimaryIcon dict\" \"$PLIST\"\n/usr/libexec/PlistBuddy -c \"Add :CFBundleIcons:CFBundlePrimaryIcon:CFBundleIconName string AppIcon\" \"$PLIST\"\n/usr/libexec/PlistBuddy -c \"Add :CFBundleIcons:CFBundlePrimaryIcon:CFBundleIconFiles array\" \"$PLIST\"\n/usr/libexec/PlistBuddy -c \"Add :CFBundleIcons:CFBundlePrimaryIcon:CFBundleIconFiles:0 string AppIcon-58\" \"$PLIST\"\n/usr/libexec/PlistBuddy -c \"Add :CFBundleIcons:CFBundlePrimaryIcon:CFBundleIconFiles:1 string AppIcon-80\" \"$PLIST\"\n/usr/libexec/PlistBuddy -c \"Add :CFBundleIcons:CFBundlePrimaryIcon:CFBundleIconFiles:2 string AppIcon-87\" \"$PLIST\"\n/usr/libexec/PlistBuddy -c \"Add :CFBundleIcons:CFBundlePrimaryIcon:CFBundleIconFiles:3 string AppIcon-88\" \"$PLIST\"\n/usr/libexec/PlistBuddy -c \"Add :CFBundleIcons:CFBundlePrimaryIcon:CFBundleIconFiles:4 string AppIcon-92\" \"$PLIST\"\n/usr/libexec/PlistBuddy -c \"Add :CFBundleIcons:CFBundlePrimaryIcon:CFBundleIconFiles:5 string AppIcon-100\" \"$PLIST\"\n/usr/libexec/PlistBuddy -c \"Add :CFBundleIcons:CFBundlePrimaryIcon:CFBundleIconFiles:6 string AppIcon-102\" \"$PLIST\"\n/usr/libexec/PlistBuddy -c \"Add :CFBundleIcons:CFBundlePrimaryIcon:CFBundleIconFiles:7 string AppIcon-108\" \"$PLIST\"\n";
		};
		3B06AD1E1E4923F5004D2608 /* Thin Binary */ = {
			isa = PBXShellScriptBuildPhase;
			alwaysOutOfDate = 1;
			buildActionMask = 2147483647;
			files = (
			);
			inputPaths = (
				"${TARGET_BUILD_DIR}/${INFOPLIST_PATH}",
			);
			name = "Thin Binary";
			outputPaths = (
			);
			runOnlyForDeploymentPostprocessing = 0;
			shellPath = /bin/sh;
			shellScript = "/bin/sh \"$FLUTTER_ROOT/packages/flutter_tools/bin/xcode_backend.sh\" embed_and_thin\n";
		};
		5A5AE32F8548BD8FB3863B13 /* [CP] Check Pods Manifest.lock */ = {
			isa = PBXShellScriptBuildPhase;
			buildActionMask = 2147483647;
			files = (
			);
			inputFileListPaths = (
			);
			inputPaths = (
				"${PODS_PODFILE_DIR_PATH}/Podfile.lock",
				"${PODS_ROOT}/Manifest.lock",
			);
			name = "[CP] Check Pods Manifest.lock";
			outputFileListPaths = (
			);
			outputPaths = (
				"$(DERIVED_FILE_DIR)/Pods-Runner-checkManifestLockResult.txt",
			);
			runOnlyForDeploymentPostprocessing = 0;
			shellPath = /bin/sh;
			shellScript = "diff \"${PODS_PODFILE_DIR_PATH}/Podfile.lock\" \"${PODS_ROOT}/Manifest.lock\" > /dev/null\nif [ $? != 0 ] ; then\n    # print error to STDERR\n    echo \"error: The sandbox is not in sync with the Podfile.lock. Run 'pod install' or update your CocoaPods installation.\" >&2\n    exit 1\nfi\n# This output is used by Xcode 'outputs' to avoid re-running this script phase.\necho \"SUCCESS\" > \"${SCRIPT_OUTPUT_FILE_0}\"\n";
			showEnvVarsInLog = 0;
		};
		9740EEB61CF901F6004384FC /* Run Script */ = {
			isa = PBXShellScriptBuildPhase;
			alwaysOutOfDate = 1;
			buildActionMask = 2147483647;
			files = (
			);
			inputPaths = (
			);
			name = "Run Script";
			outputPaths = (
			);
			runOnlyForDeploymentPostprocessing = 0;
			shellPath = /bin/sh;
			shellScript = "/bin/sh \"$FLUTTER_ROOT/packages/flutter_tools/bin/xcode_backend.sh\" build";
		};
		A1E6B2F83D4E7A9C00112233 /* Generate objective_c dSYM */ = {
			isa = PBXShellScriptBuildPhase;
			alwaysOutOfDate = 1;
			buildActionMask = 2147483647;
			files = (
			);
			inputPaths = (
				"${TARGET_BUILD_DIR}/${WRAPPER_NAME}/Frameworks/objective_c.framework/objective_c",
			);
			name = "Generate objective_c dSYM";
			outputPaths = (
				"${DWARF_DSYM_FOLDER_PATH}/objective_c.framework.dSYM/Contents/Resources/DWARF/objective_c",
			);
			runOnlyForDeploymentPostprocessing = 0;
			shellPath = /bin/sh;
			shellScript = "set -e\nif [ \"${ACTION}\" != \"install\" ]; then\n  exit 0\nfi\nFRAMEWORK_BINARY=\"${TARGET_BUILD_DIR}/${WRAPPER_NAME}/Frameworks/objective_c.framework/objective_c\"\nif [ ! -f \"${FRAMEWORK_BINARY}\" ]; then\n  exit 0\nfi\n/usr/bin/dsymutil \"${FRAMEWORK_BINARY}\" -o \"${DWARF_DSYM_FOLDER_PATH}/objective_c.framework.dSYM\"\n";
			showEnvVarsInLog = 0;
		};
		B301EF9EF8DC0A5F3FE7A1FA /* [CP] Check Pods Manifest.lock */ = {
			isa = PBXShellScriptBuildPhase;
			buildActionMask = 2147483647;
			files = (
			);
			inputFileListPaths = (
			);
			inputPaths = (
				"${PODS_PODFILE_DIR_PATH}/Podfile.lock",
				"${PODS_ROOT}/Manifest.lock",
			);
			name = "[CP] Check Pods Manifest.lock";
			outputFileListPaths = (
			);
			outputPaths = (
				"$(DERIVED_FILE_DIR)/Pods-RunnerTests-checkManifestLockResult.txt",
			);
			runOnlyForDeploymentPostprocessing = 0;
			shellPath = /bin/sh;
			shellScript = "diff \"${PODS_PODFILE_DIR_PATH}/Podfile.lock\" \"${PODS_ROOT}/Manifest.lock\" > /dev/null\nif [ $? != 0 ] ; then\n    # print error to STDERR\n    echo \"error: The sandbox is not in sync with the Podfile.lock. Run 'pod install' or update your CocoaPods installation.\" >&2\n    exit 1\nfi\n# This output is used by Xcode 'outputs' to avoid re-running this script phase.\necho \"SUCCESS\" > \"${SCRIPT_OUTPUT_FILE_0}\"\n";
			showEnvVarsInLog = 0;
		};
/* End PBXShellScriptBuildPhase section */

/* Begin PBXSourcesBuildPhase section */
		1A81C3642F62E9BE00A8B676 /* Sources */ = {
			isa = PBXSourcesBuildPhase;
			buildActionMask = 2147483647;
			files = (
				1A81C37E2F62EA4300A8B676 /* SessionView.swift in Sources */,
				1A81C37F2F62EA4300A8B676 /* BreatheWatchApp.swift in Sources */,
				1A81C3802F62EA4300A8B676 /* Presets.swift in Sources */,
				1A81C3812F62EA4300A8B676 /* BreathingEngine.swift in Sources */,
				1A81C3822F62EA4300A8B676 /* PresetListView.swift in Sources */,
				1A487AB52F63254000682DB1 /* CustomTimerView.swift in Sources */,
				1AE313912F6FD5180022B47C /* WatchAppShortcuts.swift in Sources */,
				1AE313922F6FD5180022B47C /* StartBreathingWatchIntent.swift in Sources */,
				1A9F3B042F700000008B0004 /* HealthService.swift in Sources */,
			);
			runOnlyForDeploymentPostprocessing = 0;
		};
		331C807D294A63A400263BE5 /* Sources */ = {
			isa = PBXSourcesBuildPhase;
			buildActionMask = 2147483647;
			files = (
				331C808B294A63AB00263BE5 /* RunnerTests.swift in Sources */,
			);
			runOnlyForDeploymentPostprocessing = 0;
		};
		97C146EA1CF9000F007C117D /* Sources */ = {
			isa = PBXSourcesBuildPhase;
			buildActionMask = 2147483647;
			files = (
				74858FAF1ED2DC5600515810 /* AppDelegate.swift in Sources */,
				1498D2341E8E89220040F4C2 /* GeneratedPluginRegistrant.m in Sources */,
				1AE3138D2F6FD4FC0022B47C /* StartBreathingIntent.swift in Sources */,
				1AE3138E2F6FD4FC0022B47C /* AppShortcuts.swift in Sources */,
				7884E8682EC3CC0700C636F2 /* SceneDelegate.swift in Sources */,
			);
			runOnlyForDeploymentPostprocessing = 0;
		};
/* End PBXSourcesBuildPhase section */

/* Begin PBXTargetDependency section */
		1A81C3712F62E9BF00A8B676 /* PBXTargetDependency */ = {
			isa = PBXTargetDependency;
			target = 1A81C3672F62E9BE00A8B676 /* BreatheWatch Watch App */;
			targetProxy = 1A81C3702F62E9BF00A8B676 /* PBXContainerItemProxy */;
		};
		331C8086294A63A400263BE5 /* PBXTargetDependency */ = {
			isa = PBXTargetDependency;
			target = 97C146ED1CF9000F007C117D /* Runner */;
			targetProxy = 331C8085294A63A400263BE5 /* PBXContainerItemProxy */;
		};
/* End PBXTargetDependency section */

/* Begin PBXVariantGroup section */
		1A95BCF62F6FDEAF008B80DF /* AppShortcuts.strings */ = {
			isa = PBXVariantGroup;
			children = (
				1A95BCF52F6FDEAF008B80DF /* de */,
			);
			name = AppShortcuts.strings;
			sourceTree = "<group>";
		};
		1A95BCF82F6FDEAF008B80DF /* Localizable.strings */ = {
			isa = PBXVariantGroup;
			children = (
				1A95BCF72F6FDEAF008B80DF /* de */,
			);
			name = Localizable.strings;
			sourceTree = "<group>";
		};
		1A95BCFB2F6FDEAF008B80DF /* AppShortcuts.strings */ = {
			isa = PBXVariantGroup;
			children = (
				1A95BCFA2F6FDEAF008B80DF /* en */,
			);
			name = AppShortcuts.strings;
			sourceTree = "<group>";
		};
		1A95BCFD2F6FDEAF008B80DF /* Localizable.strings */ = {
			isa = PBXVariantGroup;
			children = (
				1A95BCFC2F6FDEAF008B80DF /* en */,
			);
			name = Localizable.strings;
			sourceTree = "<group>";
		};
		1A95BD002F6FDEAF008B80DF /* AppShortcuts.strings */ = {
			isa = PBXVariantGroup;
			children = (
				1A95BCFF2F6FDEAF008B80DF /* es */,
			);
			name = AppShortcuts.strings;
			sourceTree = "<group>";
		};
		1A95BD022F6FDEAF008B80DF /* Localizable.strings */ = {
			isa = PBXVariantGroup;
			children = (
				1A95BD012F6FDEAF008B80DF /* es */,
			);
			name = Localizable.strings;
			sourceTree = "<group>";
		};
		1A95BD052F6FDEAF008B80DF /* AppShortcuts.strings */ = {
			isa = PBXVariantGroup;
			children = (
				1A95BD042F6FDEAF008B80DF /* fr */,
			);
			name = AppShortcuts.strings;
			sourceTree = "<group>";
		};
		1A95BD072F6FDEAF008B80DF /* Localizable.strings */ = {
			isa = PBXVariantGroup;
			children = (
				1A95BD062F6FDEAF008B80DF /* fr */,
			);
			name = Localizable.strings;
			sourceTree = "<group>";
		};
		1A95BD0A2F6FDEAF008B80DF /* AppShortcuts.strings */ = {
			isa = PBXVariantGroup;
			children = (
				1A95BD092F6FDEAF008B80DF /* hi */,
			);
			name = AppShortcuts.strings;
			sourceTree = "<group>";
		};
		1A95BD0C2F6FDEAF008B80DF /* Localizable.strings */ = {
			isa = PBXVariantGroup;
			children = (
				1A95BD0B2F6FDEAF008B80DF /* hi */,
			);
			name = Localizable.strings;
			sourceTree = "<group>";
		};
		1A95BD0F2F6FDEAF008B80DF /* AppShortcuts.strings */ = {
			isa = PBXVariantGroup;
			children = (
				1A95BD0E2F6FDEAF008B80DF /* ja */,
			);
			name = AppShortcuts.strings;
			sourceTree = "<group>";
		};
		1A95BD112F6FDEAF008B80DF /* Localizable.strings */ = {
			isa = PBXVariantGroup;
			children = (
				1A95BD102F6FDEAF008B80DF /* ja */,
			);
			name = Localizable.strings;
			sourceTree = "<group>";
		};
		1A95BD142F6FDEAF008B80DF /* AppShortcuts.strings */ = {
			isa = PBXVariantGroup;
			children = (
				1A95BD132F6FDEAF008B80DF /* pl */,
			);
			name = AppShortcuts.strings;
			sourceTree = "<group>";
		};
		1A95BD162F6FDEAF008B80DF /* Localizable.strings */ = {
			isa = PBXVariantGroup;
			children = (
				1A95BD152F6FDEAF008B80DF /* pl */,
			);
			name = Localizable.strings;
			sourceTree = "<group>";
		};
		1A95BD192F6FDEAF008B80DF /* AppShortcuts.strings */ = {
			isa = PBXVariantGroup;
			children = (
				1A95BD182F6FDEAF008B80DF /* pt */,
			);
			name = AppShortcuts.strings;
			sourceTree = "<group>";
		};
		1A95BD1B2F6FDEAF008B80DF /* Localizable.strings */ = {
			isa = PBXVariantGroup;
			children = (
				1A95BD1A2F6FDEAF008B80DF /* pt */,
			);
			name = Localizable.strings;
			sourceTree = "<group>";
		};
		1A95BD1E2F6FDEAF008B80DF /* AppShortcuts.strings */ = {
			isa = PBXVariantGroup;
			children = (
				1A95BD1D2F6FDEAF008B80DF /* ru */,
			);
			name = AppShortcuts.strings;
			sourceTree = "<group>";
		};
		1A95BD202F6FDEAF008B80DF /* Localizable.strings */ = {
			isa = PBXVariantGroup;
			children = (
				1A95BD1F2F6FDEAF008B80DF /* ru */,
			);
			name = Localizable.strings;
			sourceTree = "<group>";
		};
		1A95BD232F6FDEAF008B80DF /* AppShortcuts.strings */ = {
			isa = PBXVariantGroup;
			children = (
				1A95BD222F6FDEAF008B80DF /* uk */,
			);
			name = AppShortcuts.strings;
			sourceTree = "<group>";
		};
		1A95BD252F6FDEAF008B80DF /* Localizable.strings */ = {
			isa = PBXVariantGroup;
			children = (
				1A95BD242F6FDEAF008B80DF /* uk */,
			);
			name = Localizable.strings;
			sourceTree = "<group>";
		};
		1A95BD3C2F6FDEC0008B80DF /* AppShortcuts.strings */ = {
			isa = PBXVariantGroup;
			children = (
				1A95BD3B2F6FDEC0008B80DF /* de */,
			);
			name = AppShortcuts.strings;
			sourceTree = "<group>";
		};
		1A95BD3E2F6FDEC0008B80DF /* Localizable.strings */ = {
			isa = PBXVariantGroup;
			children = (
				1A95BD3D2F6FDEC0008B80DF /* de */,
			);
			name = Localizable.strings;
			sourceTree = "<group>";
		};
		1A95BD412F6FDEC0008B80DF /* AppShortcuts.strings */ = {
			isa = PBXVariantGroup;
			children = (
				1A95BD402F6FDEC0008B80DF /* en */,
			);
			name = AppShortcuts.strings;
			sourceTree = "<group>";
		};
		1A95BD432F6FDEC0008B80DF /* Localizable.strings */ = {
			isa = PBXVariantGroup;
			children = (
				1A95BD422F6FDEC0008B80DF /* en */,
			);
			name = Localizable.strings;
			sourceTree = "<group>";
		};
		1A95BD462F6FDEC0008B80DF /* AppShortcuts.strings */ = {
			isa = PBXVariantGroup;
			children = (
				1A95BD452F6FDEC0008B80DF /* es */,
			);
			name = AppShortcuts.strings;
			sourceTree = "<group>";
		};
		1A95BD482F6FDEC0008B80DF /* Localizable.strings */ = {
			isa = PBXVariantGroup;
			children = (
				1A95BD472F6FDEC0008B80DF /* es */,
			);
			name = Localizable.strings;
			sourceTree = "<group>";
		};
		1A95BD4B2F6FDEC0008B80DF /* AppShortcuts.strings */ = {
			isa = PBXVariantGroup;
			children = (
				1A95BD4A2F6FDEC0008B80DF /* fr */,
			);
			name = AppShortcuts.strings;
			sourceTree = "<group>";
		};
		1A95BD4D2F6FDEC0008B80DF /* Localizable.strings */ = {
			isa = PBXVariantGroup;
			children = (
				1A95BD4C2F6FDEC0008B80DF /* fr */,
			);
			name = Localizable.strings;
			sourceTree = "<group>";
		};
		1A95BD502F6FDEC0008B80DF /* AppShortcuts.strings */ = {
			isa = PBXVariantGroup;
			children = (
				1A95BD4F2F6FDEC0008B80DF /* hi */,
			);
			name = AppShortcuts.strings;
			sourceTree = "<group>";
		};
		1A95BD522F6FDEC0008B80DF /* Localizable.strings */ = {
			isa = PBXVariantGroup;
			children = (
				1A95BD512F6FDEC0008B80DF /* hi */,
			);
			name = Localizable.strings;
			sourceTree = "<group>";
		};
		1A95BD552F6FDEC0008B80DF /* AppShortcuts.strings */ = {
			isa = PBXVariantGroup;
			children = (
				1A95BD542F6FDEC0008B80DF /* ja */,
			);
			name = AppShortcuts.strings;
			sourceTree = "<group>";
		};
		1A95BD572F6FDEC0008B80DF /* Localizable.strings */ = {
			isa = PBXVariantGroup;
			children = (
				1A95BD562F6FDEC0008B80DF /* ja */,
			);
			name = Localizable.strings;
			sourceTree = "<group>";
		};
		1A95BD5A2F6FDEC0008B80DF /* AppShortcuts.strings */ = {
			isa = PBXVariantGroup;
			children = (
				1A95BD592F6FDEC0008B80DF /* pl */,
			);
			name = AppShortcuts.strings;
			sourceTree = "<group>";
		};
		1A95BD5C2F6FDEC0008B80DF /* Localizable.strings */ = {
			isa = PBXVariantGroup;
			children = (
				1A95BD5B2F6FDEC0008B80DF /* pl */,
			);
			name = Localizable.strings;
			sourceTree = "<group>";
		};
		1A95BD5F2F6FDEC0008B80DF /* AppShortcuts.strings */ = {
			isa = PBXVariantGroup;
			children = (
				1A95BD5E2F6FDEC0008B80DF /* pt */,
			);
			name = AppShortcuts.strings;
			sourceTree = "<group>";
		};
		1A95BD612F6FDEC0008B80DF /* Localizable.strings */ = {
			isa = PBXVariantGroup;
			children = (
				1A95BD602F6FDEC0008B80DF /* pt */,
			);
			name = Localizable.strings;
			sourceTree = "<group>";
		};
		1A95BD642F6FDEC0008B80DF /* AppShortcuts.strings */ = {
			isa = PBXVariantGroup;
			children = (
				1A95BD632F6FDEC0008B80DF /* ru */,
			);
			name = AppShortcuts.strings;
			sourceTree = "<group>";
		};
		1A95BD662F6FDEC0008B80DF /* Localizable.strings */ = {
			isa = PBXVariantGroup;
			children = (
				1A95BD652F6FDEC0008B80DF /* ru */,
			);
			name = Localizable.strings;
			sourceTree = "<group>";
		};
		1A95BD692F6FDEC0008B80DF /* AppShortcuts.strings */ = {
			isa = PBXVariantGroup;
			children = (
				1A95BD682F6FDEC0008B80DF /* uk */,
			);
			name = AppShortcuts.strings;
			sourceTree = "<group>";
		};
		1A95BD6B2F6FDEC0008B80DF /* Localizable.strings */ = {
			isa = PBXVariantGroup;
			children = (
				1A95BD6A2F6FDEC0008B80DF /* uk */,
			);
			name = Localizable.strings;
			sourceTree = "<group>";
		};
		97C146FA1CF9000F007C117D /* Main.storyboard */ = {
			isa = PBXVariantGroup;
			children = (
				97C146FB1CF9000F007C117D /* Base */,
			);
			name = Main.storyboard;
			sourceTree = "<group>";
		};
		97C146FF1CF9000F007C117D /* LaunchScreen.storyboard */ = {
			isa = PBXVariantGroup;
			children = (
				97C147001CF9000F007C117D /* Base */,
			);
			name = LaunchScreen.storyboard;
			sourceTree = "<group>";
		};
/* End PBXVariantGroup section */

/* Begin XCBuildConfiguration section */
		1A81C3742F62E9BF00A8B676 /* Debug */ = {
			isa = XCBuildConfiguration;
			buildSettings = {
				ASSETCATALOG_COMPILER_APPICON_NAME = AppIcon;
				ASSETCATALOG_COMPILER_GLOBAL_ACCENT_COLOR_NAME = AccentColor;
				ASSETCATALOG_COMPILER_INCLUDE_ALL_APPICON_ASSETS = YES;
				ASSETCATALOG_COMPILER_SKIP_APP_STORE_DEPLOYMENT = YES;
				CLANG_ANALYZER_NUMBER_OBJECT_CONVERSION = YES_AGGRESSIVE;
				CLANG_CXX_LANGUAGE_STANDARD = "gnu++20";
				CLANG_ENABLE_OBJC_WEAK = YES;
				CLANG_WARN_DOCUMENTATION_COMMENTS = YES;
				CLANG_WARN_QUOTED_INCLUDE_IN_FRAMEWORK_HEADER = YES;
				CLANG_WARN_UNGUARDED_AVAILABILITY = YES_AGGRESSIVE;
				CODE_SIGN_ENTITLEMENTS = "BreatheWatch Watch App.entitlements";
				CODE_SIGN_STYLE = Automatic;
				CURRENT_PROJECT_VERSION = 1;
				DEVELOPMENT_TEAM = L5G733RSSG;
				ENABLE_PREVIEWS = YES;
				ENABLE_USER_SCRIPT_SANDBOXING = YES;
				GCC_C_LANGUAGE_STANDARD = gnu17;
				GENERATE_INFOPLIST_FILE = YES;
				INFOPLIST_KEY_CFBundleDisplayName = "Mindful Breathe";
				INFOPLIST_KEY_NSHealthShareUsageDescription = "Mindful Breathe logs your mindfulness sessions to Apple Health so you can track your practice over time.";
				INFOPLIST_KEY_NSHealthUpdateUsageDescription = "Mindful Breathe writes your completed breathing sessions to Apple Health as mindfulness minutes.";
				INFOPLIST_KEY_UISupportedInterfaceOrientations = "UIInterfaceOrientationPortrait UIInterfaceOrientationPortraitUpsideDown";
				INFOPLIST_KEY_WKCompanionAppBundleIdentifier = com.arcsoftware.breathe;
				INFOPLIST_KEY_WKRunsIndependentlyOfCompanionApp = YES;
				LD_RUNPATH_SEARCH_PATHS = (
					"$(inherited)",
					"@executable_path/Frameworks",
				);
				LOCALIZATION_PREFERS_STRING_CATALOGS = YES;
				MARKETING_VERSION = 1.0.0;
				MTL_ENABLE_DEBUG_INFO = INCLUDE_SOURCE;
				MTL_FAST_MATH = YES;
				PRODUCT_BUNDLE_IDENTIFIER = com.arcsoftware.breathe.watchkitapp;
				PRODUCT_NAME = "$(TARGET_NAME)";
				SDKROOT = watchos;
				SKIP_INSTALL = YES;
				STRING_CATALOG_GENERATE_SYMBOLS = YES;
				SUPPORTED_PLATFORMS = "watchos watchsimulator";
				SWIFT_ACTIVE_COMPILATION_CONDITIONS = "DEBUG $(inherited)";
				SWIFT_APPROACHABLE_CONCURRENCY = YES;
				SWIFT_DEFAULT_ACTOR_ISOLATION = MainActor;
				SWIFT_EMIT_LOC_STRINGS = YES;
				SWIFT_OPTIMIZATION_LEVEL = "-Onone";
				SWIFT_UPCOMING_FEATURE_MEMBER_IMPORT_VISIBILITY = YES;
				SWIFT_VERSION = 5.0;
				TARGETED_DEVICE_FAMILY = 4;
				WATCHOS_DEPLOYMENT_TARGET = 9.0;
			};
			name = Debug;
		};
		1A81C3752F62E9BF00A8B676 /* Release */ = {
			isa = XCBuildConfiguration;
			buildSettings = {
				ASSETCATALOG_COMPILER_APPICON_NAME = AppIcon;
				ASSETCATALOG_COMPILER_GLOBAL_ACCENT_COLOR_NAME = AccentColor;
				ASSETCATALOG_COMPILER_INCLUDE_ALL_APPICON_ASSETS = YES;
				ASSETCATALOG_COMPILER_SKIP_APP_STORE_DEPLOYMENT = YES;
				CLANG_ANALYZER_NUMBER_OBJECT_CONVERSION = YES_AGGRESSIVE;
				CLANG_CXX_LANGUAGE_STANDARD = "gnu++20";
				CLANG_ENABLE_OBJC_WEAK = YES;
				CLANG_WARN_DOCUMENTATION_COMMENTS = YES;
				CLANG_WARN_QUOTED_INCLUDE_IN_FRAMEWORK_HEADER = YES;
				CLANG_WARN_UNGUARDED_AVAILABILITY = YES_AGGRESSIVE;
				CODE_SIGN_ENTITLEMENTS = "BreatheWatch Watch App.entitlements";
				CODE_SIGN_STYLE = Automatic;
				CURRENT_PROJECT_VERSION = 1;
				DEVELOPMENT_TEAM = L5G733RSSG;
				ENABLE_PREVIEWS = YES;
				ENABLE_USER_SCRIPT_SANDBOXING = YES;
				GCC_C_LANGUAGE_STANDARD = gnu17;
				GENERATE_INFOPLIST_FILE = YES;
				INFOPLIST_KEY_CFBundleDisplayName = "Mindful Breathe";
				INFOPLIST_KEY_NSHealthShareUsageDescription = "Mindful Breathe logs your mindfulness sessions to Apple Health so you can track your practice over time.";
				INFOPLIST_KEY_NSHealthUpdateUsageDescription = "Mindful Breathe writes your completed breathing sessions to Apple Health as mindfulness minutes.";
				INFOPLIST_KEY_UISupportedInterfaceOrientations = "UIInterfaceOrientationPortrait UIInterfaceOrientationPortraitUpsideDown";
				INFOPLIST_KEY_WKCompanionAppBundleIdentifier = com.arcsoftware.breathe;
				INFOPLIST_KEY_WKRunsIndependentlyOfCompanionApp = YES;
				LD_RUNPATH_SEARCH_PATHS = (
					"$(inherited)",
					"@executable_path/Frameworks",
				);
				LOCALIZATION_PREFERS_STRING_CATALOGS = YES;
				MARKETING_VERSION = 1.0.0;
				MTL_FAST_MATH = YES;
				PRODUCT_BUNDLE_IDENTIFIER = com.arcsoftware.breathe.watchkitapp;
				PRODUCT_NAME = "$(TARGET_NAME)";
				SDKROOT = watchos;
				SKIP_INSTALL = YES;
				STRING_CATALOG_GENERATE_SYMBOLS = YES;
				SUPPORTED_PLATFORMS = "watchos watchsimulator";
				SWIFT_APPROACHABLE_CONCURRENCY = YES;
				SWIFT_DEFAULT_ACTOR_ISOLATION = MainActor;
				SWIFT_EMIT_LOC_STRINGS = YES;
				SWIFT_UPCOMING_FEATURE_MEMBER_IMPORT_VISIBILITY = YES;
				SWIFT_VERSION = 5.0;
				TARGETED_DEVICE_FAMILY = 4;
				WATCHOS_DEPLOYMENT_TARGET = 9.0;
			};
			name = Release;
		};
		1A81C3762F62E9BF00A8B676 /* Profile */ = {
			isa = XCBuildConfiguration;
			buildSettings = {
				ASSETCATALOG_COMPILER_APPICON_NAME = AppIcon;
				ASSETCATALOG_COMPILER_GLOBAL_ACCENT_COLOR_NAME = AccentColor;
				ASSETCATALOG_COMPILER_INCLUDE_ALL_APPICON_ASSETS = YES;
				ASSETCATALOG_COMPILER_SKIP_APP_STORE_DEPLOYMENT = YES;
				CLANG_ANALYZER_NUMBER_OBJECT_CONVERSION = YES_AGGRESSIVE;
				CLANG_CXX_LANGUAGE_STANDARD = "gnu++20";
				CLANG_ENABLE_OBJC_WEAK = YES;
				CLANG_WARN_DOCUMENTATION_COMMENTS = YES;
				CLANG_WARN_QUOTED_INCLUDE_IN_FRAMEWORK_HEADER = YES;
				CLANG_WARN_UNGUARDED_AVAILABILITY = YES_AGGRESSIVE;
				CODE_SIGN_ENTITLEMENTS = "BreatheWatch Watch App.entitlements";
				CODE_SIGN_STYLE = Automatic;
				CURRENT_PROJECT_VERSION = 1;
				DEVELOPMENT_TEAM = L5G733RSSG;
				ENABLE_PREVIEWS = YES;
				ENABLE_USER_SCRIPT_SANDBOXING = YES;
				GCC_C_LANGUAGE_STANDARD = gnu17;
				GENERATE_INFOPLIST_FILE = YES;
				INFOPLIST_KEY_CFBundleDisplayName = "Mindful Breathe";
				INFOPLIST_KEY_NSHealthShareUsageDescription = "Mindful Breathe logs your mindfulness sessions to Apple Health so you can track your practice over time.";
				INFOPLIST_KEY_NSHealthUpdateUsageDescription = "Mindful Breathe writes your completed breathing sessions to Apple Health as mindfulness minutes.";
				INFOPLIST_KEY_UISupportedInterfaceOrientations = "UIInterfaceOrientationPortrait UIInterfaceOrientationPortraitUpsideDown";
				INFOPLIST_KEY_WKCompanionAppBundleIdentifier = com.arcsoftware.breathe;
				INFOPLIST_KEY_WKRunsIndependentlyOfCompanionApp = YES;
				LD_RUNPATH_SEARCH_PATHS = (
					"$(inherited)",
					"@executable_path/Frameworks",
				);
				LOCALIZATION_PREFERS_STRING_CATALOGS = YES;
				MARKETING_VERSION = 1.0.0;
				MTL_FAST_MATH = YES;
				PRODUCT_BUNDLE_IDENTIFIER = com.arcsoftware.breathe.watchkitapp;
				PRODUCT_NAME = "$(TARGET_NAME)";
				SDKROOT = watchos;
				SKIP_INSTALL = YES;
				STRING_CATALOG_GENERATE_SYMBOLS = YES;
				SUPPORTED_PLATFORMS = "watchos watchsimulator";
				SWIFT_APPROACHABLE_CONCURRENCY = YES;
				SWIFT_DEFAULT_ACTOR_ISOLATION = MainActor;
				SWIFT_EMIT_LOC_STRINGS = YES;
				SWIFT_UPCOMING_FEATURE_MEMBER_IMPORT_VISIBILITY = YES;
				SWIFT_VERSION = 5.0;
				TARGETED_DEVICE_FAMILY = 4;
				WATCHOS_DEPLOYMENT_TARGET = 9.0;
			};
			name = Profile;
		};
		249021D3217E4FDB00AE95B9 /* Profile */ = {
			isa = XCBuildConfiguration;
			buildSettings = {
				ALWAYS_SEARCH_USER_PATHS = NO;
				ASSETCATALOG_COMPILER_GENERATE_SWIFT_ASSET_SYMBOL_EXTENSIONS = YES;
				CLANG_ANALYZER_NONNULL = YES;
				CLANG_CXX_LANGUAGE_STANDARD = "gnu++0x";
				CLANG_CXX_LIBRARY = "libc++";
				CLANG_ENABLE_MODULES = YES;
				CLANG_ENABLE_OBJC_ARC = YES;
				CLANG_WARN_BLOCK_CAPTURE_AUTORELEASING = YES;
				CLANG_WARN_BOOL_CONVERSION = YES;
				CLANG_WARN_COMMA = YES;
				CLANG_WARN_CONSTANT_CONVERSION = YES;
				CLANG_WARN_DEPRECATED_OBJC_IMPLEMENTATIONS = YES;
				CLANG_WARN_DIRECT_OBJC_ISA_USAGE = YES_ERROR;
				CLANG_WARN_EMPTY_BODY = YES;
				CLANG_WARN_ENUM_CONVERSION = YES;
				CLANG_WARN_INFINITE_RECURSION = YES;
				CLANG_WARN_INT_CONVERSION = YES;
				CLANG_WARN_NON_LITERAL_NULL_CONVERSION = YES;
				CLANG_WARN_OBJC_IMPLICIT_RETAIN_SELF = YES;
				CLANG_WARN_OBJC_LITERAL_CONVERSION = YES;
				CLANG_WARN_OBJC_ROOT_CLASS = YES_ERROR;
				CLANG_WARN_RANGE_LOOP_ANALYSIS = YES;
				CLANG_WARN_STRICT_PROTOTYPES = YES;
				CLANG_WARN_SUSPICIOUS_MOVE = YES;
				CLANG_WARN_UNREACHABLE_CODE = YES;
				CLANG_WARN__DUPLICATE_METHOD_MATCH = YES;
				"CODE_SIGN_IDENTITY[sdk=iphoneos*]" = "iPhone Developer";
				COPY_PHASE_STRIP = NO;
				DEBUG_INFORMATION_FORMAT = "dwarf-with-dsym";
				ENABLE_NS_ASSERTIONS = NO;
				ENABLE_STRICT_OBJC_MSGSEND = YES;
				ENABLE_USER_SCRIPT_SANDBOXING = NO;
				GCC_C_LANGUAGE_STANDARD = gnu99;
				GCC_NO_COMMON_BLOCKS = YES;
				GCC_WARN_64_TO_32_BIT_CONVERSION = YES;
				GCC_WARN_ABOUT_RETURN_TYPE = YES_ERROR;
				GCC_WARN_UNDECLARED_SELECTOR = YES;
				GCC_WARN_UNINITIALIZED_AUTOS = YES_AGGRESSIVE;
				GCC_WARN_UNUSED_FUNCTION = YES;
				GCC_WARN_UNUSED_VARIABLE = YES;
				IPHONEOS_DEPLOYMENT_TARGET = 14.0;
				MTL_ENABLE_DEBUG_INFO = NO;
				SDKROOT = iphoneos;
				SUPPORTED_PLATFORMS = iphoneos;
				TARGETED_DEVICE_FAMILY = "1,2";
				VALIDATE_PRODUCT = YES;
			};
			name = Profile;
		};
		249021D4217E4FDB00AE95B9 /* Profile */ = {
			isa = XCBuildConfiguration;
			baseConfigurationReference = 7FBEA7B12F0E3A1D00A1B2C3 /* Profile.xcconfig */;
			buildSettings = {
				ASSETCATALOG_COMPILER_APPICON_NAME = AppIcon;
				CLANG_ENABLE_MODULES = YES;
				CODE_SIGN_ENTITLEMENTS = Runner/Runner.entitlements;
				CURRENT_PROJECT_VERSION = "$(FLUTTER_BUILD_NUMBER)";
				DEVELOPMENT_TEAM = L5G733RSSG;
				ENABLE_BITCODE = NO;
				FLUTTER_BUILD_NAME = "$(inherited)";
				INFOPLIST_FILE = Runner/Info.plist;
				LD_RUNPATH_SEARCH_PATHS = (
					"$(inherited)",
					"@executable_path/Frameworks",
				);
				MARKETING_VERSION = 1.0.5;
				PRODUCT_BUNDLE_IDENTIFIER = com.arcsoftware.breathe;
				PRODUCT_NAME = "$(TARGET_NAME)";
				SWIFT_OBJC_BRIDGING_HEADER = "Runner/Runner-Bridging-Header.h";
				SWIFT_VERSION = 5.0;
				VERSIONING_SYSTEM = "apple-generic";
			};
			name = Profile;
		};
		331C8088294A63A400263BE5 /* Debug */ = {
			isa = XCBuildConfiguration;
			baseConfigurationReference = 6A60B30481C847CB5324C715 /* Pods-RunnerTests.debug.xcconfig */;
			buildSettings = {
				BUNDLE_LOADER = "$(TEST_HOST)";
				CODE_SIGN_STYLE = Automatic;
				CURRENT_PROJECT_VERSION = 1;
				GENERATE_INFOPLIST_FILE = YES;
				MARKETING_VERSION = 1.0;
				PRODUCT_BUNDLE_IDENTIFIER = com.arcsoftware.breathe.RunnerTests;
				PRODUCT_NAME = "$(TARGET_NAME)";
				SWIFT_ACTIVE_COMPILATION_CONDITIONS = DEBUG;
				SWIFT_OPTIMIZATION_LEVEL = "-Onone";
				SWIFT_VERSION = 5.0;
				TEST_HOST = "$(BUILT_PRODUCTS_DIR)/Runner.app/$(BUNDLE_EXECUTABLE_FOLDER_PATH)/Runner";
			};
			name = Debug;
		};
		331C8089294A63A400263BE5 /* Release */ = {
			isa = XCBuildConfiguration;
			baseConfigurationReference = B964E40EE0BE69F02A211385 /* Pods-RunnerTests.release.xcconfig */;
			buildSettings = {
				BUNDLE_LOADER = "$(TEST_HOST)";
				CODE_SIGN_STYLE = Automatic;
				CURRENT_PROJECT_VERSION = 1;
				GENERATE_INFOPLIST_FILE = YES;
				MARKETING_VERSION = 1.0;
				PRODUCT_BUNDLE_IDENTIFIER = com.arcsoftware.breathe.RunnerTests;
				PRODUCT_NAME = "$(TARGET_NAME)";
				SWIFT_VERSION = 5.0;
				TEST_HOST = "$(BUILT_PRODUCTS_DIR)/Runner.app/$(BUNDLE_EXECUTABLE_FOLDER_PATH)/Runner";
			};
			name = Release;
		};
		331C808A294A63A400263BE5 /* Profile */ = {
			isa = XCBuildConfiguration;
			baseConfigurationReference = 81DDC2A6EB30B0CF6C9DD998 /* Pods-RunnerTests.profile.xcconfig */;
			buildSettings = {
				BUNDLE_LOADER = "$(TEST_HOST)";
				CODE_SIGN_STYLE = Automatic;
				CURRENT_PROJECT_VERSION = 1;
				GENERATE_INFOPLIST_FILE = YES;
				MARKETING_VERSION = 1.0;
				PRODUCT_BUNDLE_IDENTIFIER = com.arcsoftware.breathe.RunnerTests;
				PRODUCT_NAME = "$(TARGET_NAME)";
				SWIFT_VERSION = 5.0;
				TEST_HOST = "$(BUILT_PRODUCTS_DIR)/Runner.app/$(BUNDLE_EXECUTABLE_FOLDER_PATH)/Runner";
			};
			name = Profile;
		};
		97C147031CF9000F007C117D /* Debug */ = {
			isa = XCBuildConfiguration;
			buildSettings = {
				ALWAYS_SEARCH_USER_PATHS = NO;
				ASSETCATALOG_COMPILER_GENERATE_SWIFT_ASSET_SYMBOL_EXTENSIONS = YES;
				CLANG_ANALYZER_NONNULL = YES;
				CLANG_CXX_LANGUAGE_STANDARD = "gnu++0x";
				CLANG_CXX_LIBRARY = "libc++";
				CLANG_ENABLE_MODULES = YES;
				CLANG_ENABLE_OBJC_ARC = YES;
				CLANG_WARN_BLOCK_CAPTURE_AUTORELEASING = YES;
				CLANG_WARN_BOOL_CONVERSION = YES;
				CLANG_WARN_COMMA = YES;
				CLANG_WARN_CONSTANT_CONVERSION = YES;
				CLANG_WARN_DEPRECATED_OBJC_IMPLEMENTATIONS = YES;
				CLANG_WARN_DIRECT_OBJC_ISA_USAGE = YES_ERROR;
				CLANG_WARN_EMPTY_BODY = YES;
				CLANG_WARN_ENUM_CONVERSION = YES;
				CLANG_WARN_INFINITE_RECURSION = YES;
				CLANG_WARN_INT_CONVERSION = YES;
				CLANG_WARN_NON_LITERAL_NULL_CONVERSION = YES;
				CLANG_WARN_OBJC_IMPLICIT_RETAIN_SELF = YES;
				CLANG_WARN_OBJC_LITERAL_CONVERSION = YES;
				CLANG_WARN_OBJC_ROOT_CLASS = YES_ERROR;
				CLANG_WARN_RANGE_LOOP_ANALYSIS = YES;
				CLANG_WARN_STRICT_PROTOTYPES = YES;
				CLANG_WARN_SUSPICIOUS_MOVE = YES;
				CLANG_WARN_UNREACHABLE_CODE = YES;
				CLANG_WARN__DUPLICATE_METHOD_MATCH = YES;
				"CODE_SIGN_IDENTITY[sdk=iphoneos*]" = "iPhone Developer";
				COPY_PHASE_STRIP = NO;
				DEBUG_INFORMATION_FORMAT = dwarf;
				ENABLE_STRICT_OBJC_MSGSEND = YES;
				ENABLE_TESTABILITY = YES;
				ENABLE_USER_SCRIPT_SANDBOXING = NO;
				GCC_C_LANGUAGE_STANDARD = gnu99;
				GCC_DYNAMIC_NO_PIC = NO;
				GCC_NO_COMMON_BLOCKS = YES;
				GCC_OPTIMIZATION_LEVEL = 0;
				GCC_PREPROCESSOR_DEFINITIONS = (
					"DEBUG=1",
					"$(inherited)",
				);
				GCC_WARN_64_TO_32_BIT_CONVERSION = YES;
				GCC_WARN_ABOUT_RETURN_TYPE = YES_ERROR;
				GCC_WARN_UNDECLARED_SELECTOR = YES;
				GCC_WARN_UNINITIALIZED_AUTOS = YES_AGGRESSIVE;
				GCC_WARN_UNUSED_FUNCTION = YES;
				GCC_WARN_UNUSED_VARIABLE = YES;
				IPHONEOS_DEPLOYMENT_TARGET = 14.0;
				MTL_ENABLE_DEBUG_INFO = YES;
				ONLY_ACTIVE_ARCH = YES;
				SDKROOT = iphoneos;
				TARGETED_DEVICE_FAMILY = "1,2";
			};
			name = Debug;
		};
		97C147041CF9000F007C117D /* Release */ = {
			isa = XCBuildConfiguration;
			buildSettings = {
				ALWAYS_SEARCH_USER_PATHS = NO;
				ASSETCATALOG_COMPILER_GENERATE_SWIFT_ASSET_SYMBOL_EXTENSIONS = YES;
				CLANG_ANALYZER_NONNULL = YES;
				CLANG_CXX_LANGUAGE_STANDARD = "gnu++0x";
				CLANG_CXX_LIBRARY = "libc++";
				CLANG_ENABLE_MODULES = YES;
				CLANG_ENABLE_OBJC_ARC = YES;
				CLANG_WARN_BLOCK_CAPTURE_AUTORELEASING = YES;
				CLANG_WARN_BOOL_CONVERSION = YES;
				CLANG_WARN_COMMA = YES;
				CLANG_WARN_CONSTANT_CONVERSION = YES;
				CLANG_WARN_DEPRECATED_OBJC_IMPLEMENTATIONS = YES;
				CLANG_WARN_DIRECT_OBJC_ISA_USAGE = YES_ERROR;
				CLANG_WARN_EMPTY_BODY = YES;
				CLANG_WARN_ENUM_CONVERSION = YES;
				CLANG_WARN_INFINITE_RECURSION = YES;
				CLANG_WARN_INT_CONVERSION = YES;
				CLANG_WARN_NON_LITERAL_NULL_CONVERSION = YES;
				CLANG_WARN_OBJC_IMPLICIT_RETAIN_SELF = YES;
				CLANG_WARN_OBJC_LITERAL_CONVERSION = YES;
				CLANG_WARN_OBJC_ROOT_CLASS = YES_ERROR;
				CLANG_WARN_RANGE_LOOP_ANALYSIS = YES;
				CLANG_WARN_STRICT_PROTOTYPES = YES;
				CLANG_WARN_SUSPICIOUS_MOVE = YES;
				CLANG_WARN_UNREACHABLE_CODE = YES;
				CLANG_WARN__DUPLICATE_METHOD_MATCH = YES;
				"CODE_SIGN_IDENTITY[sdk=iphoneos*]" = "iPhone Developer";
				COPY_PHASE_STRIP = NO;
				DEBUG_INFORMATION_FORMAT = "dwarf-with-dsym";
				ENABLE_NS_ASSERTIONS = NO;
				ENABLE_STRICT_OBJC_MSGSEND = YES;
				ENABLE_USER_SCRIPT_SANDBOXING = NO;
				GCC_C_LANGUAGE_STANDARD = gnu99;
				GCC_NO_COMMON_BLOCKS = YES;
				GCC_WARN_64_TO_32_BIT_CONVERSION = YES;
				GCC_WARN_ABOUT_RETURN_TYPE = YES_ERROR;
				GCC_WARN_UNDECLARED_SELECTOR = YES;
				GCC_WARN_UNINITIALIZED_AUTOS = YES_AGGRESSIVE;
				GCC_WARN_UNUSED_FUNCTION = YES;
				GCC_WARN_UNUSED_VARIABLE = YES;
				IPHONEOS_DEPLOYMENT_TARGET = 14.0;
				MTL_ENABLE_DEBUG_INFO = NO;
				SDKROOT = iphoneos;
				SUPPORTED_PLATFORMS = iphoneos;
				SWIFT_COMPILATION_MODE = wholemodule;
				SWIFT_OPTIMIZATION_LEVEL = "-O";
				TARGETED_DEVICE_FAMILY = "1,2";
				VALIDATE_PRODUCT = YES;
			};
			name = Release;
		};
		97C147061CF9000F007C117D /* Debug */ = {
			isa = XCBuildConfiguration;
			baseConfigurationReference = 9740EEB21CF90195004384FC /* Debug.xcconfig */;
			buildSettings = {
				ASSETCATALOG_COMPILER_APPICON_NAME = AppIcon;
				CLANG_ENABLE_MODULES = YES;
				CODE_SIGN_ENTITLEMENTS = Runner/Runner.entitlements;
				CURRENT_PROJECT_VERSION = "$(FLUTTER_BUILD_NUMBER)";
				DEVELOPMENT_TEAM = L5G733RSSG;
				ENABLE_BITCODE = NO;
				FLUTTER_BUILD_NAME = "$(inherited)";
				INFOPLIST_FILE = Runner/Info.plist;
				LD_RUNPATH_SEARCH_PATHS = (
					"$(inherited)",
					"@executable_path/Frameworks",
				);
				MARKETING_VERSION = 1.0.5;
				PRODUCT_BUNDLE_IDENTIFIER = com.arcsoftware.breathe;
				PRODUCT_NAME = "$(TARGET_NAME)";
				SWIFT_OBJC_BRIDGING_HEADER = "Runner/Runner-Bridging-Header.h";
				SWIFT_OPTIMIZATION_LEVEL = "-Onone";
				SWIFT_VERSION = 5.0;
				VERSIONING_SYSTEM = "apple-generic";
			};
			name = Debug;
		};
		97C147071CF9000F007C117D /* Release */ = {
			isa = XCBuildConfiguration;
			baseConfigurationReference = 7AFA3C8E1D35360C0083082E /* Release.xcconfig */;
			buildSettings = {
				ASSETCATALOG_COMPILER_APPICON_NAME = AppIcon;
				CLANG_ENABLE_MODULES = YES;
				CODE_SIGN_ENTITLEMENTS = Runner/Runner.entitlements;
				CURRENT_PROJECT_VERSION = "$(FLUTTER_BUILD_NUMBER)";
				DEVELOPMENT_TEAM = L5G733RSSG;
				ENABLE_BITCODE = NO;
				FLUTTER_BUILD_NAME = "$(inherited)";
				INFOPLIST_FILE = Runner/Info.plist;
				LD_RUNPATH_SEARCH_PATHS = (
					"$(inherited)",
					"@executable_path/Frameworks",
				);
				MARKETING_VERSION = 1.0.5;
				PRODUCT_BUNDLE_IDENTIFIER = com.arcsoftware.breathe;
				PRODUCT_NAME = "$(TARGET_NAME)";
				SWIFT_OBJC_BRIDGING_HEADER = "Runner/Runner-Bridging-Header.h";
				SWIFT_VERSION = 5.0;
				VERSIONING_SYSTEM = "apple-generic";
			};
			name = Release;
		};
/* End XCBuildConfiguration section */

/* Begin XCConfigurationList section */
		1A81C3772F62E9BF00A8B676 /* Build configuration list for PBXNativeTarget "BreatheWatch Watch App" */ = {
			isa = XCConfigurationList;
			buildConfigurations = (
				1A81C3742F62E9BF00A8B676 /* Debug */,
				1A81C3752F62E9BF00A8B676 /* Release */,
				1A81C3762F62E9BF00A8B676 /* Profile */,
			);
			defaultConfigurationIsVisible = 0;
			defaultConfigurationName = Release;
		};
		331C8087294A63A400263BE5 /* Build configuration list for PBXNativeTarget "RunnerTests" */ = {
			isa = XCConfigurationList;
			buildConfigurations = (
				331C8088294A63A400263BE5 /* Debug */,
				331C8089294A63A400263BE5 /* Release */,
				331C808A294A63A400263BE5 /* Profile */,
			);
			defaultConfigurationIsVisible = 0;
			defaultConfigurationName = Release;
		};
		97C146E91CF9000F007C117D /* Build configuration list for PBXProject "Runner" */ = {
			isa = XCConfigurationList;
			buildConfigurations = (
				97C147031CF9000F007C117D /* Debug */,
				97C147041CF9000F007C117D /* Release */,
				249021D3217E4FDB00AE95B9 /* Profile */,
			);
			defaultConfigurationIsVisible = 0;
			defaultConfigurationName = Release;
		};
		97C147051CF9000F007C117D /* Build configuration list for PBXNativeTarget "Runner" */ = {
			isa = XCConfigurationList;
			buildConfigurations = (
				97C147061CF9000F007C117D /* Debug */,
				97C147071CF9000F007C117D /* Release */,
				249021D4217E4FDB00AE95B9 /* Profile */,
			);
			defaultConfigurationIsVisible = 0;
			defaultConfigurationName = Release;
		};
/* End XCConfigurationList section */
	};
	rootObject = 97C146E61CF9000F007C117D /* Project object */;
}
